// !$*UTF8*$!
{
	archiveVersion = 1;
	classes = {
	};
	objectVersion = 77;
	objects = {

/* Begin PBXBuildFile section */
		5C95C5CD2D5D59350015EE69 /* DesignSystem.framework in Frameworks */ = {isa = PBXBuildFile; fileRef = 5C95C5C72D5D59350015EE69 /* DesignSystem.framework */; };
		5C95C5CE2D5D59350015EE69 /* DesignSystem.framework in Embed Frameworks */ = {isa = PBXBuildFile; fileRef = 5C95C5C72D5D59350015EE69 /* DesignSystem.framework */; settings = {ATTRIBUTES = (CodeSignOnCopy, RemoveHeadersOnCopy, ); }; };
		5CB45AA42D5D437B00B650F1 /* DataLayer.framework in Frameworks */ = {isa = PBXBuildFile; fileRef = 5CB45A9C2D5D437B00B650F1 /* DataLayer.framework */; };
		5CB45AAF2D5D437B00B650F1 /* DataLayer.framework in Frameworks */ = {isa = PBXBuildFile; fileRef = 5CB45A9C2D5D437B00B650F1 /* DataLayer.framework */; };
		5CB45AB02D5D437B00B650F1 /* DataLayer.framework in Embed Frameworks */ = {isa = PBXBuildFile; fileRef = 5CB45A9C2D5D437B00B650F1 /* DataLayer.framework */; settings = {ATTRIBUTES = (CodeSignOnCopy, RemoveHeadersOnCopy, ); }; };
		5CB45B432D5D4B5100B650F1 /* RecipesUI.framework in Frameworks */ = {isa = PBXBuildFile; fileRef = 5CB45B3B2D5D4B5100B650F1 /* RecipesUI.framework */; };
		5CB45B4E2D5D4B5100B650F1 /* RecipesUI.framework in Frameworks */ = {isa = PBXBuildFile; fileRef = 5CB45B3B2D5D4B5100B650F1 /* RecipesUI.framework */; };
		5CB45B4F2D5D4B5100B650F1 /* RecipesUI.framework in Embed Frameworks */ = {isa = PBXBuildFile; fileRef = 5CB45B3B2D5D4B5100B650F1 /* RecipesUI.framework */; settings = {ATTRIBUTES = (CodeSignOnCopy, RemoveHeadersOnCopy, ); }; };
		5CB45B752D5D4E7E00B650F1 /* DataLayer.framework in Frameworks */ = {isa = PBXBuildFile; fileRef = 5CB45A9C2D5D437B00B650F1 /* DataLayer.framework */; };
		5CDADD4F2D5DAD6500F64687 /* DesignSystem.framework in Frameworks */ = {isa = PBXBuildFile; fileRef = 5C95C5C72D5D59350015EE69 /* DesignSystem.framework */; };
		5CDADD712D5DC4EE00F64687 /* ImageLoader.framework in Frameworks */ = {isa = PBXBuildFile; fileRef = 5CDADD692D5DC4EE00F64687 /* ImageLoader.framework */; };
		5CDADD7C2D5DC4EE00F64687 /* ImageLoader.framework in Frameworks */ = {isa = PBXBuildFile; fileRef = 5CDADD692D5DC4EE00F64687 /* ImageLoader.framework */; };
		5CDADD7D2D5DC4EE00F64687 /* ImageLoader.framework in Embed Frameworks */ = {isa = PBXBuildFile; fileRef = 5CDADD692D5DC4EE00F64687 /* ImageLoader.framework */; settings = {ATTRIBUTES = (CodeSignOnCopy, RemoveHeadersOnCopy, ); }; };
/* End PBXBuildFile section */

/* Begin PBXContainerItemProxy section */
		5C95C5CB2D5D59350015EE69 /* PBXContainerItemProxy */ = {
			isa = PBXContainerItemProxy;
			containerPortal = 5CB4314E2D5D428D00B650F1 /* Project object */;
			proxyType = 1;
			remoteGlobalIDString = 5C95C5C62D5D59350015EE69;
			remoteInfo = DesignSystem;
		};
		5CB431692D5D428E00B650F1 /* PBXContainerItemProxy */ = {
			isa = PBXContainerItemProxy;
			containerPortal = 5CB4314E2D5D428D00B650F1 /* Project object */;
			proxyType = 1;
			remoteGlobalIDString = 5CB431552D5D428D00B650F1;
			remoteInfo = "recipes-fetch";
		};
		5CB431732D5D428E00B650F1 /* PBXContainerItemProxy */ = {
			isa = PBXContainerItemProxy;
			containerPortal = 5CB4314E2D5D428D00B650F1 /* Project object */;
			proxyType = 1;
			remoteGlobalIDString = 5CB431552D5D428D00B650F1;
			remoteInfo = "recipes-fetch";
		};
		5CB45AA52D5D437B00B650F1 /* PBXContainerItemProxy */ = {
			isa = PBXContainerItemProxy;
			containerPortal = 5CB4314E2D5D428D00B650F1 /* Project object */;
			proxyType = 1;
			remoteGlobalIDString = 5CB45A9B2D5D437B00B650F1;
			remoteInfo = DataLayer;
		};
		5CB45AA72D5D437B00B650F1 /* PBXContainerItemProxy */ = {
			isa = PBXContainerItemProxy;
			containerPortal = 5CB4314E2D5D428D00B650F1 /* Project object */;
			proxyType = 1;
			remoteGlobalIDString = 5CB431552D5D428D00B650F1;
			remoteInfo = "recipes-fetch";
		};
		5CB45AAD2D5D437B00B650F1 /* PBXContainerItemProxy */ = {
			isa = PBXContainerItemProxy;
			containerPortal = 5CB4314E2D5D428D00B650F1 /* Project object */;
			proxyType = 1;
			remoteGlobalIDString = 5CB45A9B2D5D437B00B650F1;
			remoteInfo = DataLayer;
		};
		5CB45B442D5D4B5100B650F1 /* PBXContainerItemProxy */ = {
			isa = PBXContainerItemProxy;
			containerPortal = 5CB4314E2D5D428D00B650F1 /* Project object */;
			proxyType = 1;
			remoteGlobalIDString = 5CB45B3A2D5D4B5100B650F1;
			remoteInfo = RecipesUI;
		};
		5CB45B462D5D4B5100B650F1 /* PBXContainerItemProxy */ = {
			isa = PBXContainerItemProxy;
			containerPortal = 5CB4314E2D5D428D00B650F1 /* Project object */;
			proxyType = 1;
			remoteGlobalIDString = 5CB431552D5D428D00B650F1;
			remoteInfo = "recipes-fetch";
		};
		5CB45B4C2D5D4B5100B650F1 /* PBXContainerItemProxy */ = {
			isa = PBXContainerItemProxy;
			containerPortal = 5CB4314E2D5D428D00B650F1 /* Project object */;
			proxyType = 1;
			remoteGlobalIDString = 5CB45B3A2D5D4B5100B650F1;
			remoteInfo = RecipesUI;
		};
		5CB45B772D5D4E7E00B650F1 /* PBXContainerItemProxy */ = {
			isa = PBXContainerItemProxy;
			containerPortal = 5CB4314E2D5D428D00B650F1 /* Project object */;
			proxyType = 1;
			remoteGlobalIDString = 5CB45A9B2D5D437B00B650F1;
			remoteInfo = DataLayer;
		};
		5CDADD512D5DAD6500F64687 /* PBXContainerItemProxy */ = {
			isa = PBXContainerItemProxy;
			containerPortal = 5CB4314E2D5D428D00B650F1 /* Project object */;
			proxyType = 1;
			remoteGlobalIDString = 5C95C5C62D5D59350015EE69;
			remoteInfo = DesignSystem;
		};
		5CDADD722D5DC4EE00F64687 /* PBXContainerItemProxy */ = {
			isa = PBXContainerItemProxy;
			containerPortal = 5CB4314E2D5D428D00B650F1 /* Project object */;
			proxyType = 1;
			remoteGlobalIDString = 5CDADD682D5DC4EE00F64687;
			remoteInfo = ImageLoader;
		};
		5CDADD742D5DC4EE00F64687 /* PBXContainerItemProxy */ = {
			isa = PBXContainerItemProxy;
			containerPortal = 5CB4314E2D5D428D00B650F1 /* Project object */;
			proxyType = 1;
			remoteGlobalIDString = 5CB431552D5D428D00B650F1;
			remoteInfo = "recipes-fetch";
		};
		5CDADD7A2D5DC4EE00F64687 /* PBXContainerItemProxy */ = {
			isa = PBXContainerItemProxy;
			containerPortal = 5CB4314E2D5D428D00B650F1 /* Project object */;
			proxyType = 1;
			remoteGlobalIDString = 5CDADD682D5DC4EE00F64687;
			remoteInfo = ImageLoader;
		};
/* End PBXContainerItemProxy section */

/* Begin PBXCopyFilesBuildPhase section */
		5CB45AB52D5D437B00B650F1 /* Embed Frameworks */ = {
			isa = PBXCopyFilesBuildPhase;
			buildActionMask = 2147483647;
			dstPath = "";
			dstSubfolderSpec = 10;
			files = (
				5C95C5CE2D5D59350015EE69 /* DesignSystem.framework in Embed Frameworks */,
				5CB45B4F2D5D4B5100B650F1 /* RecipesUI.framework in Embed Frameworks */,
				5CB45AB02D5D437B00B650F1 /* DataLayer.framework in Embed Frameworks */,
				5CDADD7D2D5DC4EE00F64687 /* ImageLoader.framework in Embed Frameworks */,
			);
			name = "Embed Frameworks";
			runOnlyForDeploymentPostprocessing = 0;
		};
/* End PBXCopyFilesBuildPhase section */

/* Begin PBXFileReference section */
		5C95C5C72D5D59350015EE69 /* DesignSystem.framework */ = {isa = PBXFileReference; explicitFileType = wrapper.framework; includeInIndex = 0; path = DesignSystem.framework; sourceTree = BUILT_PRODUCTS_DIR; };
		5CB431562D5D428D00B650F1 /* recipes-fetch.app */ = {isa = PBXFileReference; explicitFileType = wrapper.application; includeInIndex = 0; path = "recipes-fetch.app"; sourceTree = BUILT_PRODUCTS_DIR; };
		5CB431682D5D428E00B650F1 /* recipes-fetchTests.xctest */ = {isa = PBXFileReference; explicitFileType = wrapper.cfbundle; includeInIndex = 0; path = "recipes-fetchTests.xctest"; sourceTree = BUILT_PRODUCTS_DIR; };
		5CB431722D5D428E00B650F1 /* recipes-fetchUITests.xctest */ = {isa = PBXFileReference; explicitFileType = wrapper.cfbundle; includeInIndex = 0; path = "recipes-fetchUITests.xctest"; sourceTree = BUILT_PRODUCTS_DIR; };
		5CB45A9C2D5D437B00B650F1 /* DataLayer.framework */ = {isa = PBXFileReference; explicitFileType = wrapper.framework; includeInIndex = 0; path = DataLayer.framework; sourceTree = BUILT_PRODUCTS_DIR; };
		5CB45AA32D5D437B00B650F1 /* DataLayerTests.xctest */ = {isa = PBXFileReference; explicitFileType = wrapper.cfbundle; includeInIndex = 0; path = DataLayerTests.xctest; sourceTree = BUILT_PRODUCTS_DIR; };
		5CB45B3B2D5D4B5100B650F1 /* RecipesUI.framework */ = {isa = PBXFileReference; explicitFileType = wrapper.framework; includeInIndex = 0; path = RecipesUI.framework; sourceTree = BUILT_PRODUCTS_DIR; };
		5CB45B422D5D4B5100B650F1 /* RecipesUITests.xctest */ = {isa = PBXFileReference; explicitFileType = wrapper.cfbundle; includeInIndex = 0; path = RecipesUITests.xctest; sourceTree = BUILT_PRODUCTS_DIR; };
		5CDADD692D5DC4EE00F64687 /* ImageLoader.framework */ = {isa = PBXFileReference; explicitFileType = wrapper.framework; includeInIndex = 0; path = ImageLoader.framework; sourceTree = BUILT_PRODUCTS_DIR; };
		5CDADD702D5DC4EE00F64687 /* ImageLoaderTests.xctest */ = {isa = PBXFileReference; explicitFileType = wrapper.cfbundle; includeInIndex = 0; path = ImageLoaderTests.xctest; sourceTree = BUILT_PRODUCTS_DIR; };
/* End PBXFileReference section */

/* Begin PBXFileSystemSynchronizedBuildFileExceptionSet section */
		5C95C5DC2D5D5A390015EE69 /* Exceptions for "Core" folder in "DesignSystem" target */ = {
			isa = PBXFileSystemSynchronizedBuildFileExceptionSet;
			membershipExceptions = (
				DesignSystem/Bundle.swift,
				DesignSystem/ButtonTypes.swift,
				DesignSystem/Colors.swift,
				DesignSystem/Colors.xcassets,
				DesignSystem/CustomButtonStyle.swift,
				DesignSystem/DesignSystem.xcassets,
				"DesignSystem/Fonts/WeGoSans-Regular.ttf",
				"DesignSystem/Fonts/WeGoSerif-Bold.ttf",
				DesignSystem/MediumButtonStyles.swift,
				DesignSystem/TextStyles.swift,
				DesignSystem/Typography.swift,
				DesignSystem/UI/SearchBar.swift,
			);
			target = 5C95C5C62D5D59350015EE69 /* DesignSystem */;
		};
		5C95EF912D5D601A0015EE69 /* Exceptions for "recipes-fetch" folder in "recipes-fetch" target */ = {
			isa = PBXFileSystemSynchronizedBuildFileExceptionSet;
			membershipExceptions = (
				Info.plist,
			);
			target = 5CB431552D5D428D00B650F1 /* recipes-fetch */;
		};
		5CB45ABE2D5D43BF00B650F1 /* Exceptions for "Core" folder in "DataLayer" target */ = {
			isa = PBXFileSystemSynchronizedBuildFileExceptionSet;
			membershipExceptions = (
				DataLayer/API/ApiClient.swift,
				DataLayer/API/WebService.swift,
				"DataLayer/Dependency Injection/DataLayerComponent.swift",
				DataLayer/Recipes/Data/Recipe.swift,
				DataLayer/Recipes/Data/RecipeDTO.swift,
				DataLayer/Recipes/Data/RecipesPaths.swift,
				DataLayer/Recipes/Data/RecipesRepository.swift,
				DataLayer/Recipes/Data/RecipesResponseDTO.swift,
				DataLayer/Recipes/Data/RecipesWebService.swift,
			);
			target = 5CB45A9B2D5D437B00B650F1 /* DataLayer */;
		};
		5CB45B5B2D5D4B5C00B650F1 /* Exceptions for "Features" folder in "recipes-fetch" target */ = {
			isa = PBXFileSystemSynchronizedBuildFileExceptionSet;
			membershipExceptions = (
				"RecipesUI/Dependency Injection/RecipesUIComponent.swift",
				RecipesUI/Domain/RecipeCusineGroup.swift,
				RecipesUI/Domain/RecipeCusineGrouper.swift,
				RecipesUI/Domain/RecipeItem.swift,
				RecipesUI/Domain/RecipesUseCases.swift,
				RecipesUI/Mocks/mock_recipes.json,
				RecipesUI/Mocks/MockRecipeCusineGroup.swift,
				RecipesUI/Mocks/MockRecipeCusineGrouper.swift,
				RecipesUI/Mocks/MockRecipeScreenItem.swift,
				RecipesUI/Mocks/MockRecipeUseCases.swift,
				"RecipesUI/Supporting Files/Bundle.swift",
				RecipesUI/Tests/RecipeCusineGrouperTests.swift,
				RecipesUI/Tests/RecipesScreenViewModelTests.swift,
				RecipesUI/UI/CusineTypePicker.swift,
				RecipesUI/UI/RecipeCusineGroupsList.swift,
				RecipesUI/UI/RecipeCusineListSection.swift,
				RecipesUI/UI/RecipeGridItemView.swift,
				RecipesUI/UI/RecipeSimpleItemView.swift,
				RecipesUI/UI/RecipesScreen.swift,
				RecipesUI/UI/RecipesScreenViewModel.swift,
			);
			target = 5CB431552D5D428D00B650F1 /* recipes-fetch */;
		};
		5CB45B5D2D5D4B8700B650F1 /* Exceptions for "Features" folder in "RecipesUI" target */ = {
			isa = PBXFileSystemSynchronizedBuildFileExceptionSet;
			membershipExceptions = (
				"RecipesUI/Dependency Injection/RecipesUIComponent.swift",
				RecipesUI/Domain/RecipeCusineGroup.swift,
				RecipesUI/Domain/RecipeCusineGrouper.swift,
				RecipesUI/Domain/RecipeItem.swift,
				RecipesUI/Domain/RecipesUseCases.swift,
				RecipesUI/Mocks/mock_recipes.json,
				RecipesUI/Mocks/MockRecipeCusineGroup.swift,
				RecipesUI/Mocks/MockRecipeCusineGrouper.swift,
				RecipesUI/Mocks/MockRecipeScreenItem.swift,
				RecipesUI/Mocks/MockRecipeUseCases.swift,
				"RecipesUI/Supporting Files/Bundle.swift",
				"RecipesUI/Supporting Files/Localizable.xcstrings",
				RecipesUI/UI/CusineTypePicker.swift,
				RecipesUI/UI/RecipeCusineGroupsList.swift,
				RecipesUI/UI/RecipeCusineListSection.swift,
				RecipesUI/UI/RecipeGridItemView.swift,
				RecipesUI/UI/RecipeSimpleItemView.swift,
				RecipesUI/UI/RecipesScreen.swift,
				RecipesUI/UI/RecipesScreenViewModel.swift,
			);
			target = 5CB45B3A2D5D4B5100B650F1 /* RecipesUI */;
		};
		5CB45B7D2D5D519B00B650F1 /* Exceptions for "Core" folder in "recipes-fetch" target */ = {
			isa = PBXFileSystemSynchronizedBuildFileExceptionSet;
			membershipExceptions = (
				"DataLayer/Dependency Injection/DataLayerComponent.swift",
				DataLayer/Recipes/Data/Recipe.swift,
				DataLayer/Recipes/Data/RecipeDTO.swift,
				DataLayer/Recipes/Data/RecipesPaths.swift,
				DataLayer/Recipes/Data/RecipesRepository.swift,
				DataLayer/Recipes/Data/RecipesResponseDTO.swift,
				DataLayer/Recipes/Data/RecipesWebService.swift,
				DesignSystem/Bundle.swift,
				DesignSystem/ButtonTypes.swift,
				DesignSystem/Colors.swift,
				DesignSystem/Colors.xcassets,
				DesignSystem/CustomButtonStyle.swift,
				DesignSystem/DesignSystem.xcassets,
				DesignSystem/MediumButtonStyles.swift,
				DesignSystem/TextStyles.swift,
				DesignSystem/Typography.swift,
				DesignSystem/UI/SearchBar.swift,
				ImageLoader/ImageCache.swift,
				ImageLoader/ImageLoaderComponent.swift,
				ImageLoader/Mocks/MockRemoteImageDownloader.swift,
				ImageLoader/RemoteImageDownloader.swift,
				ImageLoader/Tests/RemoteImageDownloaderTests.swift,
			);
			target = 5CB431552D5D428D00B650F1 /* recipes-fetch */;
		};
		5CDADD482D5DABA300F64687 /* Exceptions for "Core" folder in "RecipesUI" target */ = {
			isa = PBXFileSystemSynchronizedBuildFileExceptionSet;
			membershipExceptions = (
				DesignSystem/ButtonTypes.swift,
				DesignSystem/CustomButtonStyle.swift,
				DesignSystem/DesignSystem.xcassets,
				DesignSystem/MediumButtonStyles.swift,
			);
			target = 5CB45B3A2D5D4B5100B650F1 /* RecipesUI */;
		};
		5CDADD932D5DC7EE00F64687 /* Exceptions for "Core" folder in "ImageLoader" target */ = {
			isa = PBXFileSystemSynchronizedBuildFileExceptionSet;
			membershipExceptions = (
				ImageLoader/ImageCache.swift,
				ImageLoader/ImageLoaderComponent.swift,
				ImageLoader/Mocks/MockRemoteImageDownloader.swift,
				ImageLoader/RemoteImageDownloader.swift,
			);
			target = 5CDADD682D5DC4EE00F64687 /* ImageLoader */;
		};
		5CDADDA02D5E3DFA00F64687 /* Exceptions for "Core" folder in "ImageLoaderTests" target */ = {
			isa = PBXFileSystemSynchronizedBuildFileExceptionSet;
			membershipExceptions = (
				ImageLoader/Tests/RemoteImageDownloaderTests.swift,
			);
			target = 5CDADD6F2D5DC4EE00F64687 /* ImageLoaderTests */;
		};
		5CDADDAB2D5E41D800F64687 /* Exceptions for "Features" folder in "RecipesUITests" target */ = {
			isa = PBXFileSystemSynchronizedBuildFileExceptionSet;
			membershipExceptions = (
				RecipesUI/Tests/RecipeCusineGrouperTests.swift,
				RecipesUI/Tests/RecipesScreenViewModelTests.swift,
			);
			target = 5CB45B412D5D4B5100B650F1 /* RecipesUITests */;
		};
/* End PBXFileSystemSynchronizedBuildFileExceptionSet section */

/* Begin PBXFileSystemSynchronizedRootGroup section */
		5CB431582D5D428D00B650F1 /* recipes-fetch */ = {
			isa = PBXFileSystemSynchronizedRootGroup;
			exceptions = (
				5C95EF912D5D601A0015EE69 /* Exceptions for "recipes-fetch" folder in "recipes-fetch" target */,
			);
			path = "recipes-fetch";
			sourceTree = "<group>";
		};
		5CB45A962D5D42F700B650F1 /* Core */ = {
			isa = PBXFileSystemSynchronizedRootGroup;
			exceptions = (
				5CB45B7D2D5D519B00B650F1 /* Exceptions for "Core" folder in "recipes-fetch" target */,
				5CB45ABE2D5D43BF00B650F1 /* Exceptions for "Core" folder in "DataLayer" target */,
				5CDADD482D5DABA300F64687 /* Exceptions for "Core" folder in "RecipesUI" target */,
				5C95C5DC2D5D5A390015EE69 /* Exceptions for "Core" folder in "DesignSystem" target */,
				5CDADD932D5DC7EE00F64687 /* Exceptions for "Core" folder in "ImageLoader" target */,
				5CDADDA02D5E3DFA00F64687 /* Exceptions for "Core" folder in "ImageLoaderTests" target */,
			);
			path = Core;
			sourceTree = "<group>";
		};
		5CB45ADC2D5D4A8F00B650F1 /* Features */ = {
			isa = PBXFileSystemSynchronizedRootGroup;
			exceptions = (
				5CB45B5B2D5D4B5C00B650F1 /* Exceptions for "Features" folder in "recipes-fetch" target */,
				5CB45B5D2D5D4B8700B650F1 /* Exceptions for "Features" folder in "RecipesUI" target */,
				5CDADDAB2D5E41D800F64687 /* Exceptions for "Features" folder in "RecipesUITests" target */,
			);
			path = Features;
			sourceTree = "<group>";
		};
/* End PBXFileSystemSynchronizedRootGroup section */

/* Begin PBXFrameworksBuildPhase section */
		5C95C5C42D5D59350015EE69 /* Frameworks */ = {
			isa = PBXFrameworksBuildPhase;
			buildActionMask = 2147483647;
			files = (
			);
			runOnlyForDeploymentPostprocessing = 0;
		};
		5CB431532D5D428D00B650F1 /* Frameworks */ = {
			isa = PBXFrameworksBuildPhase;
			buildActionMask = 2147483647;
			files = (
				5C95C5CD2D5D59350015EE69 /* DesignSystem.framework in Frameworks */,
				5CB45B4E2D5D4B5100B650F1 /* RecipesUI.framework in Frameworks */,
				5CB45AAF2D5D437B00B650F1 /* DataLayer.framework in Frameworks */,
				5CDADD7C2D5DC4EE00F64687 /* ImageLoader.framework in Frameworks */,
			);
			runOnlyForDeploymentPostprocessing = 0;
		};
		5CB431652D5D428E00B650F1 /* Frameworks */ = {
			isa = PBXFrameworksBuildPhase;
			buildActionMask = 2147483647;
			files = (
			);
			runOnlyForDeploymentPostprocessing = 0;
		};
		5CB4316F2D5D428E00B650F1 /* Frameworks */ = {
			isa = PBXFrameworksBuildPhase;
			buildActionMask = 2147483647;
			files = (
			);
			runOnlyForDeploymentPostprocessing = 0;
		};
		5CB45A992D5D437B00B650F1 /* Frameworks */ = {
			isa = PBXFrameworksBuildPhase;
			buildActionMask = 2147483647;
			files = (
			);
			runOnlyForDeploymentPostprocessing = 0;
		};
		5CB45AA02D5D437B00B650F1 /* Frameworks */ = {
			isa = PBXFrameworksBuildPhase;
			buildActionMask = 2147483647;
			files = (
				5CB45AA42D5D437B00B650F1 /* DataLayer.framework in Frameworks */,
			);
			runOnlyForDeploymentPostprocessing = 0;
		};
		5CB45B382D5D4B5100B650F1 /* Frameworks */ = {
			isa = PBXFrameworksBuildPhase;
			buildActionMask = 2147483647;
			files = (
				5CB45B752D5D4E7E00B650F1 /* DataLayer.framework in Frameworks */,
				5CDADD4F2D5DAD6500F64687 /* DesignSystem.framework in Frameworks */,
			);
			runOnlyForDeploymentPostprocessing = 0;
		};
		5CB45B3F2D5D4B5100B650F1 /* Frameworks */ = {
			isa = PBXFrameworksBuildPhase;
			buildActionMask = 2147483647;
			files = (
				5CB45B432D5D4B5100B650F1 /* RecipesUI.framework in Frameworks */,
			);
			runOnlyForDeploymentPostprocessing = 0;
		};
		5CDADD662D5DC4EE00F64687 /* Frameworks */ = {
			isa = PBXFrameworksBuildPhase;
			buildActionMask = 2147483647;
			files = (
			);
			runOnlyForDeploymentPostprocessing = 0;
		};
		5CDADD6D2D5DC4EE00F64687 /* Frameworks */ = {
			isa = PBXFrameworksBuildPhase;
			buildActionMask = 2147483647;
			files = (
				5CDADD712D5DC4EE00F64687 /* ImageLoader.framework in Frameworks */,
			);
			runOnlyForDeploymentPostprocessing = 0;
		};
/* End PBXFrameworksBuildPhase section */

/* Begin PBXGroup section */
		5CB4314D2D5D428D00B650F1 = {
			isa = PBXGroup;
			children = (
				5CB45A962D5D42F700B650F1 /* Core */,
				5CB45ADC2D5D4A8F00B650F1 /* Features */,
				5CB431582D5D428D00B650F1 /* recipes-fetch */,
				5CB45B742D5D4E7E00B650F1 /* Frameworks */,
				5CB431572D5D428D00B650F1 /* Products */,
			);
			sourceTree = "<group>";
		};
		5CB431572D5D428D00B650F1 /* Products */ = {
			isa = PBXGroup;
			children = (
				5CB431562D5D428D00B650F1 /* recipes-fetch.app */,
				5CB431682D5D428E00B650F1 /* recipes-fetchTests.xctest */,
				5CB431722D5D428E00B650F1 /* recipes-fetchUITests.xctest */,
				5CB45A9C2D5D437B00B650F1 /* DataLayer.framework */,
				5CB45AA32D5D437B00B650F1 /* DataLayerTests.xctest */,
				5CB45B3B2D5D4B5100B650F1 /* RecipesUI.framework */,
				5CB45B422D5D4B5100B650F1 /* RecipesUITests.xctest */,
				5C95C5C72D5D59350015EE69 /* DesignSystem.framework */,
				5CDADD692D5DC4EE00F64687 /* ImageLoader.framework */,
				5CDADD702D5DC4EE00F64687 /* ImageLoaderTests.xctest */,
			);
			name = Products;
			sourceTree = "<group>";
		};
		5CB45B742D5D4E7E00B650F1 /* Frameworks */ = {
			isa = PBXGroup;
			children = (
			);
			name = Frameworks;
			sourceTree = "<group>";
		};
/* End PBXGroup section */

/* Begin PBXHeadersBuildPhase section */
		5C95C5C22D5D59350015EE69 /* Headers */ = {
			isa = PBXHeadersBuildPhase;
			buildActionMask = 2147483647;
			files = (
			);
			runOnlyForDeploymentPostprocessing = 0;
		};
		5CB45A972D5D437B00B650F1 /* Headers */ = {
			isa = PBXHeadersBuildPhase;
			buildActionMask = 2147483647;
			files = (
			);
			runOnlyForDeploymentPostprocessing = 0;
		};
		5CB45B362D5D4B5100B650F1 /* Headers */ = {
			isa = PBXHeadersBuildPhase;
			buildActionMask = 2147483647;
			files = (
			);
			runOnlyForDeploymentPostprocessing = 0;
		};
		5CDADD642D5DC4EE00F64687 /* Headers */ = {
			isa = PBXHeadersBuildPhase;
			buildActionMask = 2147483647;
			files = (
			);
			runOnlyForDeploymentPostprocessing = 0;
		};
/* End PBXHeadersBuildPhase section */

/* Begin PBXNativeTarget section */
		5C95C5C62D5D59350015EE69 /* DesignSystem */ = {
			isa = PBXNativeTarget;
			buildConfigurationList = 5C95C5CF2D5D59350015EE69 /* Build configuration list for PBXNativeTarget "DesignSystem" */;
			buildPhases = (
				5C95C5C22D5D59350015EE69 /* Headers */,
				5C95C5C32D5D59350015EE69 /* Sources */,
				5C95C5C42D5D59350015EE69 /* Frameworks */,
				5C95C5C52D5D59350015EE69 /* Resources */,
			);
			buildRules = (
			);
			dependencies = (
			);
			name = DesignSystem;
			packageProductDependencies = (
			);
			productName = DesignSystem;
			productReference = 5C95C5C72D5D59350015EE69 /* DesignSystem.framework */;
			productType = "com.apple.product-type.framework";
		};
		5CB431552D5D428D00B650F1 /* recipes-fetch */ = {
			isa = PBXNativeTarget;
			buildConfigurationList = 5CB4317C2D5D428E00B650F1 /* Build configuration list for PBXNativeTarget "recipes-fetch" */;
			buildPhases = (
				5CB431522D5D428D00B650F1 /* Sources */,
				5CB431532D5D428D00B650F1 /* Frameworks */,
				5CB431542D5D428D00B650F1 /* Resources */,
				5CB45AB52D5D437B00B650F1 /* Embed Frameworks */,
			);
			buildRules = (
			);
			dependencies = (
				5CB45AAE2D5D437B00B650F1 /* PBXTargetDependency */,
				5CB45B4D2D5D4B5100B650F1 /* PBXTargetDependency */,
				5C95C5CC2D5D59350015EE69 /* PBXTargetDependency */,
				5CDADD7B2D5DC4EE00F64687 /* PBXTargetDependency */,
			);
			fileSystemSynchronizedGroups = (
				5CB431582D5D428D00B650F1 /* recipes-fetch */,
				5CB45A962D5D42F700B650F1 /* Core */,
				5CB45ADC2D5D4A8F00B650F1 /* Features */,
			);
			name = "recipes-fetch";
			packageProductDependencies = (
			);
			productName = "recipes-fetch";
			productReference = 5CB431562D5D428D00B650F1 /* recipes-fetch.app */;
			productType = "com.apple.product-type.application";
		};
		5CB431672D5D428E00B650F1 /* recipes-fetchTests */ = {
			isa = PBXNativeTarget;
			buildConfigurationList = 5CB4317F2D5D428E00B650F1 /* Build configuration list for PBXNativeTarget "recipes-fetchTests" */;
			buildPhases = (
				5CB431642D5D428E00B650F1 /* Sources */,
				5CB431652D5D428E00B650F1 /* Frameworks */,
				5CB431662D5D428E00B650F1 /* Resources */,
			);
			buildRules = (
			);
			dependencies = (
				5CB4316A2D5D428E00B650F1 /* PBXTargetDependency */,
			);
			name = "recipes-fetchTests";
			packageProductDependencies = (
			);
			productName = "recipes-fetchTests";
			productReference = 5CB431682D5D428E00B650F1 /* recipes-fetchTests.xctest */;
			productType = "com.apple.product-type.bundle.unit-test";
		};
		5CB431712D5D428E00B650F1 /* recipes-fetchUITests */ = {
			isa = PBXNativeTarget;
			buildConfigurationList = 5CB431822D5D428E00B650F1 /* Build configuration list for PBXNativeTarget "recipes-fetchUITests" */;
			buildPhases = (
				5CB4316E2D5D428E00B650F1 /* Sources */,
				5CB4316F2D5D428E00B650F1 /* Frameworks */,
				5CB431702D5D428E00B650F1 /* Resources */,
			);
			buildRules = (
			);
			dependencies = (
				5CB431742D5D428E00B650F1 /* PBXTargetDependency */,
			);
			name = "recipes-fetchUITests";
			packageProductDependencies = (
			);
			productName = "recipes-fetchUITests";
			productReference = 5CB431722D5D428E00B650F1 /* recipes-fetchUITests.xctest */;
			productType = "com.apple.product-type.bundle.ui-testing";
		};
		5CB45A9B2D5D437B00B650F1 /* DataLayer */ = {
			isa = PBXNativeTarget;
			buildConfigurationList = 5CB45AB22D5D437B00B650F1 /* Build configuration list for PBXNativeTarget "DataLayer" */;
			buildPhases = (
				5CB45A972D5D437B00B650F1 /* Headers */,
				5CB45A982D5D437B00B650F1 /* Sources */,
				5CB45A992D5D437B00B650F1 /* Frameworks */,
				5CB45A9A2D5D437B00B650F1 /* Resources */,
			);
			buildRules = (
			);
			dependencies = (
			);
			name = DataLayer;
			packageProductDependencies = (
			);
			productName = DataLayer;
			productReference = 5CB45A9C2D5D437B00B650F1 /* DataLayer.framework */;
			productType = "com.apple.product-type.framework";
		};
		5CB45AA22D5D437B00B650F1 /* DataLayerTests */ = {
			isa = PBXNativeTarget;
			buildConfigurationList = 5CB45AB62D5D437B00B650F1 /* Build configuration list for PBXNativeTarget "DataLayerTests" */;
			buildPhases = (
				5CB45A9F2D5D437B00B650F1 /* Sources */,
				5CB45AA02D5D437B00B650F1 /* Frameworks */,
				5CB45AA12D5D437B00B650F1 /* Resources */,
			);
			buildRules = (
			);
			dependencies = (
				5CB45AA62D5D437B00B650F1 /* PBXTargetDependency */,
				5CB45AA82D5D437B00B650F1 /* PBXTargetDependency */,
			);
			name = DataLayerTests;
			packageProductDependencies = (
			);
			productName = DataLayerTests;
			productReference = 5CB45AA32D5D437B00B650F1 /* DataLayerTests.xctest */;
			productType = "com.apple.product-type.bundle.unit-test";
		};
		5CB45B3A2D5D4B5100B650F1 /* RecipesUI */ = {
			isa = PBXNativeTarget;
			buildConfigurationList = 5CB45B502D5D4B5100B650F1 /* Build configuration list for PBXNativeTarget "RecipesUI" */;
			buildPhases = (
				5CB45B362D5D4B5100B650F1 /* Headers */,
				5CB45B372D5D4B5100B650F1 /* Sources */,
				5CB45B382D5D4B5100B650F1 /* Frameworks */,
				5CB45B392D5D4B5100B650F1 /* Resources */,
			);
			buildRules = (
			);
			dependencies = (
				5CB45B782D5D4E7E00B650F1 /* PBXTargetDependency */,
				5CDADD522D5DAD6500F64687 /* PBXTargetDependency */,
			);
			name = RecipesUI;
			packageProductDependencies = (
			);
			productName = RecipesUI;
			productReference = 5CB45B3B2D5D4B5100B650F1 /* RecipesUI.framework */;
			productType = "com.apple.product-type.framework";
		};
		5CB45B412D5D4B5100B650F1 /* RecipesUITests */ = {
			isa = PBXNativeTarget;
			buildConfigurationList = 5CB45B542D5D4B5100B650F1 /* Build configuration list for PBXNativeTarget "RecipesUITests" */;
			buildPhases = (
				5CB45B3E2D5D4B5100B650F1 /* Sources */,
				5CB45B3F2D5D4B5100B650F1 /* Frameworks */,
				5CB45B402D5D4B5100B650F1 /* Resources */,
			);
			buildRules = (
			);
			dependencies = (
				5CB45B452D5D4B5100B650F1 /* PBXTargetDependency */,
				5CB45B472D5D4B5100B650F1 /* PBXTargetDependency */,
			);
			name = RecipesUITests;
			packageProductDependencies = (
			);
			productName = RecipesUITests;
			productReference = 5CB45B422D5D4B5100B650F1 /* RecipesUITests.xctest */;
			productType = "com.apple.product-type.bundle.unit-test";
		};
		5CDADD682D5DC4EE00F64687 /* ImageLoader */ = {
			isa = PBXNativeTarget;
			buildConfigurationList = 5CDADD7E2D5DC4EE00F64687 /* Build configuration list for PBXNativeTarget "ImageLoader" */;
			buildPhases = (
				5CDADD642D5DC4EE00F64687 /* Headers */,
				5CDADD652D5DC4EE00F64687 /* Sources */,
				5CDADD662D5DC4EE00F64687 /* Frameworks */,
				5CDADD672D5DC4EE00F64687 /* Resources */,
			);
			buildRules = (
			);
			dependencies = (
			);
			name = ImageLoader;
			packageProductDependencies = (
			);
			productName = ImageLoader;
			productReference = 5CDADD692D5DC4EE00F64687 /* ImageLoader.framework */;
			productType = "com.apple.product-type.framework";
		};
		5CDADD6F2D5DC4EE00F64687 /* ImageLoaderTests */ = {
			isa = PBXNativeTarget;
			buildConfigurationList = 5CDADD822D5DC4EE00F64687 /* Build configuration list for PBXNativeTarget "ImageLoaderTests" */;
			buildPhases = (
				5CDADD6C2D5DC4EE00F64687 /* Sources */,
				5CDADD6D2D5DC4EE00F64687 /* Frameworks */,
				5CDADD6E2D5DC4EE00F64687 /* Resources */,
			);
			buildRules = (
			);
			dependencies = (
				5CDADD732D5DC4EE00F64687 /* PBXTargetDependency */,
				5CDADD752D5DC4EE00F64687 /* PBXTargetDependency */,
			);
			name = ImageLoaderTests;
			packageProductDependencies = (
			);
			productName = ImageLoaderTests;
			productReference = 5CDADD702D5DC4EE00F64687 /* ImageLoaderTests.xctest */;
			productType = "com.apple.product-type.bundle.unit-test";
		};
/* End PBXNativeTarget section */

/* Begin PBXProject section */
		5CB4314E2D5D428D00B650F1 /* Project object */ = {
			isa = PBXProject;
			attributes = {
				BuildIndependentTargetsInParallel = 1;
				LastSwiftUpdateCheck = 1620;
				LastUpgradeCheck = 1620;
				TargetAttributes = {
					5C95C5C62D5D59350015EE69 = {
						CreatedOnToolsVersion = 16.2;
					};
					5CB431552D5D428D00B650F1 = {
						CreatedOnToolsVersion = 16.2;
					};
					5CB431672D5D428E00B650F1 = {
						CreatedOnToolsVersion = 16.2;
						TestTargetID = 5CB431552D5D428D00B650F1;
					};
					5CB431712D5D428E00B650F1 = {
						CreatedOnToolsVersion = 16.2;
						TestTargetID = 5CB431552D5D428D00B650F1;
					};
					5CB45A9B2D5D437B00B650F1 = {
						CreatedOnToolsVersion = 16.2;
						LastSwiftMigration = 1620;
					};
					5CB45AA22D5D437B00B650F1 = {
						CreatedOnToolsVersion = 16.2;
						TestTargetID = 5CB431552D5D428D00B650F1;
					};
					5CB45B3A2D5D4B5100B650F1 = {
						CreatedOnToolsVersion = 16.2;
					};
					5CB45B412D5D4B5100B650F1 = {
						CreatedOnToolsVersion = 16.2;
						TestTargetID = 5CB431552D5D428D00B650F1;
					};
					5CDADD682D5DC4EE00F64687 = {
						CreatedOnToolsVersion = 16.2;
					};
					5CDADD6F2D5DC4EE00F64687 = {
						CreatedOnToolsVersion = 16.2;
						TestTargetID = 5CB431552D5D428D00B650F1;
					};
				};
			};
			buildConfigurationList = 5CB431512D5D428D00B650F1 /* Build configuration list for PBXProject "recipes-fetch" */;
			developmentRegion = en;
			hasScannedForEncodings = 0;
			knownRegions = (
				en,
				Base,
			);
			mainGroup = 5CB4314D2D5D428D00B650F1;
			minimizedProjectReferenceProxies = 1;
			preferredProjectObjectVersion = 77;
			productRefGroup = 5CB431572D5D428D00B650F1 /* Products */;
			projectDirPath = "";
			projectRoot = "";
			targets = (
				5CB431552D5D428D00B650F1 /* recipes-fetch */,
				5CB431672D5D428E00B650F1 /* recipes-fetchTests */,
				5CB431712D5D428E00B650F1 /* recipes-fetchUITests */,
				5CB45A9B2D5D437B00B650F1 /* DataLayer */,
				5CB45AA22D5D437B00B650F1 /* DataLayerTests */,
				5CB45B3A2D5D4B5100B650F1 /* RecipesUI */,
				5CB45B412D5D4B5100B650F1 /* RecipesUITests */,
				5C95C5C62D5D59350015EE69 /* DesignSystem */,
				5CDADD682D5DC4EE00F64687 /* ImageLoader */,
				5CDADD6F2D5DC4EE00F64687 /* ImageLoaderTests */,
			);
		};
/* End PBXProject section */

/* Begin PBXResourcesBuildPhase section */
		5C95C5C52D5D59350015EE69 /* Resources */ = {
			isa = PBXResourcesBuildPhase;
			buildActionMask = 2147483647;
			files = (
			);
			runOnlyForDeploymentPostprocessing = 0;
		};
		5CB431542D5D428D00B650F1 /* Resources */ = {
			isa = PBXResourcesBuildPhase;
			buildActionMask = 2147483647;
			files = (
			);
			runOnlyForDeploymentPostprocessing = 0;
		};
		5CB431662D5D428E00B650F1 /* Resources */ = {
			isa = PBXResourcesBuildPhase;
			buildActionMask = 2147483647;
			files = (
			);
			runOnlyForDeploymentPostprocessing = 0;
		};
		5CB431702D5D428E00B650F1 /* Resources */ = {
			isa = PBXResourcesBuildPhase;
			buildActionMask = 2147483647;
			files = (
			);
			runOnlyForDeploymentPostprocessing = 0;
		};
		5CB45A9A2D5D437B00B650F1 /* Resources */ = {
			isa = PBXResourcesBuildPhase;
			buildActionMask = 2147483647;
			files = (
			);
			runOnlyForDeploymentPostprocessing = 0;
		};
		5CB45AA12D5D437B00B650F1 /* Resources */ = {
			isa = PBXResourcesBuildPhase;
			buildActionMask = 2147483647;
			files = (
			);
			runOnlyForDeploymentPostprocessing = 0;
		};
		5CB45B392D5D4B5100B650F1 /* Resources */ = {
			isa = PBXResourcesBuildPhase;
			buildActionMask = 2147483647;
			files = (
			);
			runOnlyForDeploymentPostprocessing = 0;
		};
		5CB45B402D5D4B5100B650F1 /* Resources */ = {
			isa = PBXResourcesBuildPhase;
			buildActionMask = 2147483647;
			files = (
			);
			runOnlyForDeploymentPostprocessing = 0;
		};
		5CDADD672D5DC4EE00F64687 /* Resources */ = {
			isa = PBXResourcesBuildPhase;
			buildActionMask = 2147483647;
			files = (
			);
			runOnlyForDeploymentPostprocessing = 0;
		};
		5CDADD6E2D5DC4EE00F64687 /* Resources */ = {
			isa = PBXResourcesBuildPhase;
			buildActionMask = 2147483647;
			files = (
			);
			runOnlyForDeploymentPostprocessing = 0;
		};
/* End PBXResourcesBuildPhase section */

/* Begin PBXSourcesBuildPhase section */
		5C95C5C32D5D59350015EE69 /* Sources */ = {
			isa = PBXSourcesBuildPhase;
			buildActionMask = 2147483647;
			files = (
			);
			runOnlyForDeploymentPostprocessing = 0;
		};
		5CB431522D5D428D00B650F1 /* Sources */ = {
			isa = PBXSourcesBuildPhase;
			buildActionMask = 2147483647;
			files = (
			);
			runOnlyForDeploymentPostprocessing = 0;
		};
		5CB431642D5D428E00B650F1 /* Sources */ = {
			isa = PBXSourcesBuildPhase;
			buildActionMask = 2147483647;
			files = (
			);
			runOnlyForDeploymentPostprocessing = 0;
		};
		5CB4316E2D5D428E00B650F1 /* Sources */ = {
			isa = PBXSourcesBuildPhase;
			buildActionMask = 2147483647;
			files = (
			);
			runOnlyForDeploymentPostprocessing = 0;
		};
		5CB45A982D5D437B00B650F1 /* Sources */ = {
			isa = PBXSourcesBuildPhase;
			buildActionMask = 2147483647;
			files = (
			);
			runOnlyForDeploymentPostprocessing = 0;
		};
		5CB45A9F2D5D437B00B650F1 /* Sources */ = {
			isa = PBXSourcesBuildPhase;
			buildActionMask = 2147483647;
			files = (
			);
			runOnlyForDeploymentPostprocessing = 0;
		};
		5CB45B372D5D4B5100B650F1 /* Sources */ = {
			isa = PBXSourcesBuildPhase;
			buildActionMask = 2147483647;
			files = (
			);
			runOnlyForDeploymentPostprocessing = 0;
		};
		5CB45B3E2D5D4B5100B650F1 /* Sources */ = {
			isa = PBXSourcesBuildPhase;
			buildActionMask = 2147483647;
			files = (
			);
			runOnlyForDeploymentPostprocessing = 0;
		};
		5CDADD652D5DC4EE00F64687 /* Sources */ = {
			isa = PBXSourcesBuildPhase;
			buildActionMask = 2147483647;
			files = (
			);
			runOnlyForDeploymentPostprocessing = 0;
		};
		5CDADD6C2D5DC4EE00F64687 /* Sources */ = {
			isa = PBXSourcesBuildPhase;
			buildActionMask = 2147483647;
			files = (
			);
			runOnlyForDeploymentPostprocessing = 0;
		};
/* End PBXSourcesBuildPhase section */

/* Begin PBXTargetDependency section */
		5C95C5CC2D5D59350015EE69 /* PBXTargetDependency */ = {
			isa = PBXTargetDependency;
			target = 5C95C5C62D5D59350015EE69 /* DesignSystem */;
			targetProxy = 5C95C5CB2D5D59350015EE69 /* PBXContainerItemProxy */;
		};
		5CB4316A2D5D428E00B650F1 /* PBXTargetDependency */ = {
			isa = PBXTargetDependency;
			target = 5CB431552D5D428D00B650F1 /* recipes-fetch */;
			targetProxy = 5CB431692D5D428E00B650F1 /* PBXContainerItemProxy */;
		};
		5CB431742D5D428E00B650F1 /* PBXTargetDependency */ = {
			isa = PBXTargetDependency;
			target = 5CB431552D5D428D00B650F1 /* recipes-fetch */;
			targetProxy = 5CB431732D5D428E00B650F1 /* PBXContainerItemProxy */;
		};
		5CB45AA62D5D437B00B650F1 /* PBXTargetDependency */ = {
			isa = PBXTargetDependency;
			target = 5CB45A9B2D5D437B00B650F1 /* DataLayer */;
			targetProxy = 5CB45AA52D5D437B00B650F1 /* PBXContainerItemProxy */;
		};
		5CB45AA82D5D437B00B650F1 /* PBXTargetDependency */ = {
			isa = PBXTargetDependency;
			target = 5CB431552D5D428D00B650F1 /* recipes-fetch */;
			targetProxy = 5CB45AA72D5D437B00B650F1 /* PBXContainerItemProxy */;
		};
		5CB45AAE2D5D437B00B650F1 /* PBXTargetDependency */ = {
			isa = PBXTargetDependency;
			target = 5CB45A9B2D5D437B00B650F1 /* DataLayer */;
			targetProxy = 5CB45AAD2D5D437B00B650F1 /* PBXContainerItemProxy */;
		};
		5CB45B452D5D4B5100B650F1 /* PBXTargetDependency */ = {
			isa = PBXTargetDependency;
			target = 5CB45B3A2D5D4B5100B650F1 /* RecipesUI */;
			targetProxy = 5CB45B442D5D4B5100B650F1 /* PBXContainerItemProxy */;
		};
		5CB45B472D5D4B5100B650F1 /* PBXTargetDependency */ = {
			isa = PBXTargetDependency;
			target = 5CB431552D5D428D00B650F1 /* recipes-fetch */;
			targetProxy = 5CB45B462D5D4B5100B650F1 /* PBXContainerItemProxy */;
		};
		5CB45B4D2D5D4B5100B650F1 /* PBXTargetDependency */ = {
			isa = PBXTargetDependency;
			target = 5CB45B3A2D5D4B5100B650F1 /* RecipesUI */;
			targetProxy = 5CB45B4C2D5D4B5100B650F1 /* PBXContainerItemProxy */;
		};
		5CB45B782D5D4E7E00B650F1 /* PBXTargetDependency */ = {
			isa = PBXTargetDependency;
			target = 5CB45A9B2D5D437B00B650F1 /* DataLayer */;
			targetProxy = 5CB45B772D5D4E7E00B650F1 /* PBXContainerItemProxy */;
		};
		5CDADD522D5DAD6500F64687 /* PBXTargetDependency */ = {
			isa = PBXTargetDependency;
			target = 5C95C5C62D5D59350015EE69 /* DesignSystem */;
			targetProxy = 5CDADD512D5DAD6500F64687 /* PBXContainerItemProxy */;
		};
		5CDADD732D5DC4EE00F64687 /* PBXTargetDependency */ = {
			isa = PBXTargetDependency;
			target = 5CDADD682D5DC4EE00F64687 /* ImageLoader */;
			targetProxy = 5CDADD722D5DC4EE00F64687 /* PBXContainerItemProxy */;
		};
		5CDADD752D5DC4EE00F64687 /* PBXTargetDependency */ = {
			isa = PBXTargetDependency;
			target = 5CB431552D5D428D00B650F1 /* recipes-fetch */;
			targetProxy = 5CDADD742D5DC4EE00F64687 /* PBXContainerItemProxy */;
		};
		5CDADD7B2D5DC4EE00F64687 /* PBXTargetDependency */ = {
			isa = PBXTargetDependency;
			target = 5CDADD682D5DC4EE00F64687 /* ImageLoader */;
			targetProxy = 5CDADD7A2D5DC4EE00F64687 /* PBXContainerItemProxy */;
		};
/* End PBXTargetDependency section */

/* Begin XCBuildConfiguration section */
		5C95C5D02D5D59350015EE69 /* Debug */ = {
			isa = XCBuildConfiguration;
			buildSettings = {
				BUILD_LIBRARY_FOR_DISTRIBUTION = YES;
				CODE_SIGN_STYLE = Automatic;
				CURRENT_PROJECT_VERSION = 1;
				DEFINES_MODULE = NO;
				DYLIB_COMPATIBILITY_VERSION = 1;
				DYLIB_CURRENT_VERSION = 1;
				DYLIB_INSTALL_NAME_BASE = "@rpath";
				ENABLE_MODULE_VERIFIER = YES;
				GENERATE_INFOPLIST_FILE = YES;
				INFOPLIST_FILE = "";
				INFOPLIST_KEY_NSHumanReadableCopyright = "";
				INSTALL_PATH = "$(LOCAL_LIBRARY_DIR)/Frameworks";
				IPHONEOS_DEPLOYMENT_TARGET = 16;
				LD_RUNPATH_SEARCH_PATHS = (
					"$(inherited)",
					"@executable_path/Frameworks",
					"@loader_path/Frameworks",
				);
				MARKETING_VERSION = 1.0;
				MODULE_VERIFIER_SUPPORTED_LANGUAGES = "objective-c objective-c++";
				MODULE_VERIFIER_SUPPORTED_LANGUAGE_STANDARDS = "gnu17 gnu++20";
				PRODUCT_BUNDLE_IDENTIFIER = dalton.hinterscher.DesignSystem;
				PRODUCT_NAME = "$(TARGET_NAME:c99extidentifier)";
				SKIP_INSTALL = YES;
				SWIFT_EMIT_LOC_STRINGS = YES;
				SWIFT_INSTALL_OBJC_HEADER = NO;
				SWIFT_VERSION = 5.0;
				TARGETED_DEVICE_FAMILY = "1,2";
				VERSIONING_SYSTEM = "apple-generic";
				VERSION_INFO_PREFIX = "";
			};
			name = Debug;
		};
		5C95C5D12D5D59350015EE69 /* Release */ = {
			isa = XCBuildConfiguration;
			buildSettings = {
				BUILD_LIBRARY_FOR_DISTRIBUTION = YES;
				CODE_SIGN_STYLE = Automatic;
				CURRENT_PROJECT_VERSION = 1;
				DEFINES_MODULE = NO;
				DYLIB_COMPATIBILITY_VERSION = 1;
				DYLIB_CURRENT_VERSION = 1;
				DYLIB_INSTALL_NAME_BASE = "@rpath";
				ENABLE_MODULE_VERIFIER = YES;
				GENERATE_INFOPLIST_FILE = YES;
				INFOPLIST_FILE = "";
				INFOPLIST_KEY_NSHumanReadableCopyright = "";
				INSTALL_PATH = "$(LOCAL_LIBRARY_DIR)/Frameworks";
				IPHONEOS_DEPLOYMENT_TARGET = 16;
				LD_RUNPATH_SEARCH_PATHS = (
					"$(inherited)",
					"@executable_path/Frameworks",
					"@loader_path/Frameworks",
				);
				MARKETING_VERSION = 1.0;
				MODULE_VERIFIER_SUPPORTED_LANGUAGES = "objective-c objective-c++";
				MODULE_VERIFIER_SUPPORTED_LANGUAGE_STANDARDS = "gnu17 gnu++20";
				PRODUCT_BUNDLE_IDENTIFIER = dalton.hinterscher.DesignSystem;
				PRODUCT_NAME = "$(TARGET_NAME:c99extidentifier)";
				SKIP_INSTALL = YES;
				SWIFT_EMIT_LOC_STRINGS = YES;
				SWIFT_INSTALL_OBJC_HEADER = NO;
				SWIFT_VERSION = 5.0;
				TARGETED_DEVICE_FAMILY = "1,2";
				VERSIONING_SYSTEM = "apple-generic";
				VERSION_INFO_PREFIX = "";
			};
			name = Release;
		};
		5CB4317A2D5D428E00B650F1 /* Debug */ = {
			isa = XCBuildConfiguration;
			buildSettings = {
				ALWAYS_SEARCH_USER_PATHS = NO;
				ASSETCATALOG_COMPILER_GENERATE_SWIFT_ASSET_SYMBOL_EXTENSIONS = YES;
				CLANG_ANALYZER_NONNULL = YES;
				CLANG_ANALYZER_NUMBER_OBJECT_CONVERSION = YES_AGGRESSIVE;
				CLANG_CXX_LANGUAGE_STANDARD = "gnu++20";
				CLANG_ENABLE_MODULES = YES;
				CLANG_ENABLE_OBJC_ARC = YES;
				CLANG_ENABLE_OBJC_WEAK = YES;
				CLANG_WARN_BLOCK_CAPTURE_AUTORELEASING = YES;
				CLANG_WARN_BOOL_CONVERSION = YES;
				CLANG_WARN_COMMA = YES;
				CLANG_WARN_CONSTANT_CONVERSION = YES;
				CLANG_WARN_DEPRECATED_OBJC_IMPLEMENTATIONS = YES;
				CLANG_WARN_DIRECT_OBJC_ISA_USAGE = YES_ERROR;
				CLANG_WARN_DOCUMENTATION_COMMENTS = YES;
				CLANG_WARN_EMPTY_BODY = YES;
				CLANG_WARN_ENUM_CONVERSION = YES;
				CLANG_WARN_INFINITE_RECURSION = YES;
				CLANG_WARN_INT_CONVERSION = YES;
				CLANG_WARN_NON_LITERAL_NULL_CONVERSION = YES;
				CLANG_WARN_OBJC_IMPLICIT_RETAIN_SELF = YES;
				CLANG_WARN_OBJC_LITERAL_CONVERSION = YES;
				CLANG_WARN_OBJC_ROOT_CLASS = YES_ERROR;
				CLANG_WARN_QUOTED_INCLUDE_IN_FRAMEWORK_HEADER = YES;
				CLANG_WARN_RANGE_LOOP_ANALYSIS = YES;
				CLANG_WARN_STRICT_PROTOTYPES = YES;
				CLANG_WARN_SUSPICIOUS_MOVE = YES;
				CLANG_WARN_UNGUARDED_AVAILABILITY = YES_AGGRESSIVE;
				CLANG_WARN_UNREACHABLE_CODE = YES;
				CLANG_WARN__DUPLICATE_METHOD_MATCH = YES;
				COPY_PHASE_STRIP = NO;
				DEBUG_INFORMATION_FORMAT = dwarf;
				ENABLE_STRICT_OBJC_MSGSEND = YES;
				ENABLE_TESTABILITY = YES;
				ENABLE_USER_SCRIPT_SANDBOXING = YES;
				GCC_C_LANGUAGE_STANDARD = gnu17;
				GCC_DYNAMIC_NO_PIC = NO;
				GCC_NO_COMMON_BLOCKS = YES;
				GCC_OPTIMIZATION_LEVEL = 0;
				GCC_PREPROCESSOR_DEFINITIONS = (
					"DEBUG=1",
					"$(inherited)",
				);
				GCC_WARN_64_TO_32_BIT_CONVERSION = YES;
				GCC_WARN_ABOUT_RETURN_TYPE = YES_ERROR;
				GCC_WARN_UNDECLARED_SELECTOR = YES;
				GCC_WARN_UNINITIALIZED_AUTOS = YES_AGGRESSIVE;
				GCC_WARN_UNUSED_FUNCTION = YES;
				GCC_WARN_UNUSED_VARIABLE = YES;
				IPHONEOS_DEPLOYMENT_TARGET = 18.2;
				LOCALIZATION_PREFERS_STRING_CATALOGS = YES;
				MTL_ENABLE_DEBUG_INFO = INCLUDE_SOURCE;
				MTL_FAST_MATH = YES;
				ONLY_ACTIVE_ARCH = YES;
				SDKROOT = iphoneos;
				SWIFT_ACTIVE_COMPILATION_CONDITIONS = "DEBUG $(inherited)";
				SWIFT_EMIT_LOC_STRINGS = YES;
				SWIFT_OPTIMIZATION_LEVEL = "-Onone";
			};
			name = Debug;
		};
		5CB4317B2D5D428E00B650F1 /* Release */ = {
			isa = XCBuildConfiguration;
			buildSettings = {
				ALWAYS_SEARCH_USER_PATHS = NO;
				ASSETCATALOG_COMPILER_GENERATE_SWIFT_ASSET_SYMBOL_EXTENSIONS = YES;
				CLANG_ANALYZER_NONNULL = YES;
				CLANG_ANALYZER_NUMBER_OBJECT_CONVERSION = YES_AGGRESSIVE;
				CLANG_CXX_LANGUAGE_STANDARD = "gnu++20";
				CLANG_ENABLE_MODULES = YES;
				CLANG_ENABLE_OBJC_ARC = YES;
				CLANG_ENABLE_OBJC_WEAK = YES;
				CLANG_WARN_BLOCK_CAPTURE_AUTORELEASING = YES;
				CLANG_WARN_BOOL_CONVERSION = YES;
				CLANG_WARN_COMMA = YES;
				CLANG_WARN_CONSTANT_CONVERSION = YES;
				CLANG_WARN_DEPRECATED_OBJC_IMPLEMENTATIONS = YES;
				CLANG_WARN_DIRECT_OBJC_ISA_USAGE = YES_ERROR;
				CLANG_WARN_DOCUMENTATION_COMMENTS = YES;
				CLANG_WARN_EMPTY_BODY = YES;
				CLANG_WARN_ENUM_CONVERSION = YES;
				CLANG_WARN_INFINITE_RECURSION = YES;
				CLANG_WARN_INT_CONVERSION = YES;
				CLANG_WARN_NON_LITERAL_NULL_CONVERSION = YES;
				CLANG_WARN_OBJC_IMPLICIT_RETAIN_SELF = YES;
				CLANG_WARN_OBJC_LITERAL_CONVERSION = YES;
				CLANG_WARN_OBJC_ROOT_CLASS = YES_ERROR;
				CLANG_WARN_QUOTED_INCLUDE_IN_FRAMEWORK_HEADER = YES;
				CLANG_WARN_RANGE_LOOP_ANALYSIS = YES;
				CLANG_WARN_STRICT_PROTOTYPES = YES;
				CLANG_WARN_SUSPICIOUS_MOVE = YES;
				CLANG_WARN_UNGUARDED_AVAILABILITY = YES_AGGRESSIVE;
				CLANG_WARN_UNREACHABLE_CODE = YES;
				CLANG_WARN__DUPLICATE_METHOD_MATCH = YES;
				COPY_PHASE_STRIP = NO;
				DEBUG_INFORMATION_FORMAT = "dwarf-with-dsym";
				ENABLE_NS_ASSERTIONS = NO;
				ENABLE_STRICT_OBJC_MSGSEND = YES;
				ENABLE_USER_SCRIPT_SANDBOXING = YES;
				GCC_C_LANGUAGE_STANDARD = gnu17;
				GCC_NO_COMMON_BLOCKS = YES;
				GCC_WARN_64_TO_32_BIT_CONVERSION = YES;
				GCC_WARN_ABOUT_RETURN_TYPE = YES_ERROR;
				GCC_WARN_UNDECLARED_SELECTOR = YES;
				GCC_WARN_UNINITIALIZED_AUTOS = YES_AGGRESSIVE;
				GCC_WARN_UNUSED_FUNCTION = YES;
				GCC_WARN_UNUSED_VARIABLE = YES;
				IPHONEOS_DEPLOYMENT_TARGET = 18.2;
				LOCALIZATION_PREFERS_STRING_CATALOGS = YES;
				MTL_ENABLE_DEBUG_INFO = NO;
				MTL_FAST_MATH = YES;
				SDKROOT = iphoneos;
				SWIFT_COMPILATION_MODE = wholemodule;
				SWIFT_EMIT_LOC_STRINGS = YES;
				VALIDATE_PRODUCT = YES;
			};
			name = Release;
		};
		5CB4317D2D5D428E00B650F1 /* Debug */ = {
			isa = XCBuildConfiguration;
			buildSettings = {
				ASSETCATALOG_COMPILER_APPICON_NAME = AppIcon;
				ASSETCATALOG_COMPILER_GLOBAL_ACCENT_COLOR_NAME = AccentColor;
				CODE_SIGN_STYLE = Automatic;
				CURRENT_PROJECT_VERSION = 1;
				DEVELOPMENT_ASSET_PATHS = "\"recipes-fetch/Preview Content\"";
				DEVELOPMENT_TEAM = 782R6V9YXW;
				ENABLE_PREVIEWS = YES;
				GENERATE_INFOPLIST_FILE = YES;
				INFOPLIST_FILE = "recipes-fetch/Info.plist";
				INFOPLIST_KEY_UIApplicationSceneManifest_Generation = YES;
				INFOPLIST_KEY_UIApplicationSupportsIndirectInputEvents = YES;
				INFOPLIST_KEY_UILaunchScreen_Generation = YES;
				INFOPLIST_KEY_UISupportedInterfaceOrientations_iPad = "UIInterfaceOrientationPortrait UIInterfaceOrientationPortraitUpsideDown UIInterfaceOrientationLandscapeLeft UIInterfaceOrientationLandscapeRight";
				INFOPLIST_KEY_UISupportedInterfaceOrientations_iPhone = "UIInterfaceOrientationPortrait UIInterfaceOrientationLandscapeLeft UIInterfaceOrientationLandscapeRight";
				LD_RUNPATH_SEARCH_PATHS = (
					"$(inherited)",
					"@executable_path/Frameworks",
				);
				MARKETING_VERSION = 1.0;
				PRODUCT_BUNDLE_IDENTIFIER = "dalton.hinterscher.recipes-fetch";
				PRODUCT_NAME = "$(TARGET_NAME)";
				SWIFT_EMIT_LOC_STRINGS = YES;
				SWIFT_VERSION = 5.0;
				TARGETED_DEVICE_FAMILY = "1,2";
			};
			name = Debug;
		};
		5CB4317E2D5D428E00B650F1 /* Release */ = {
			isa = XCBuildConfiguration;
			buildSettings = {
				ASSETCATALOG_COMPILER_APPICON_NAME = AppIcon;
				ASSETCATALOG_COMPILER_GLOBAL_ACCENT_COLOR_NAME = AccentColor;
				CODE_SIGN_STYLE = Automatic;
				CURRENT_PROJECT_VERSION = 1;
				DEVELOPMENT_ASSET_PATHS = "\"recipes-fetch/Preview Content\"";
				DEVELOPMENT_TEAM = 782R6V9YXW;
				ENABLE_PREVIEWS = YES;
				GENERATE_INFOPLIST_FILE = YES;
				INFOPLIST_FILE = "recipes-fetch/Info.plist";
				INFOPLIST_KEY_UIApplicationSceneManifest_Generation = YES;
				INFOPLIST_KEY_UIApplicationSupportsIndirectInputEvents = YES;
				INFOPLIST_KEY_UILaunchScreen_Generation = YES;
				INFOPLIST_KEY_UISupportedInterfaceOrientations_iPad = "UIInterfaceOrientationPortrait UIInterfaceOrientationPortraitUpsideDown UIInterfaceOrientationLandscapeLeft UIInterfaceOrientationLandscapeRight";
				INFOPLIST_KEY_UISupportedInterfaceOrientations_iPhone = "UIInterfaceOrientationPortrait UIInterfaceOrientationLandscapeLeft UIInterfaceOrientationLandscapeRight";
				LD_RUNPATH_SEARCH_PATHS = (
					"$(inherited)",
					"@executable_path/Frameworks",
				);
				MARKETING_VERSION = 1.0;
				PRODUCT_BUNDLE_IDENTIFIER = "dalton.hinterscher.recipes-fetch";
				PRODUCT_NAME = "$(TARGET_NAME)";
				SWIFT_EMIT_LOC_STRINGS = YES;
				SWIFT_VERSION = 5.0;
				TARGETED_DEVICE_FAMILY = "1,2";
			};
			name = Release;
		};
		5CB431802D5D428E00B650F1 /* Debug */ = {
			isa = XCBuildConfiguration;
			buildSettings = {
				BUNDLE_LOADER = "$(TEST_HOST)";
				CODE_SIGN_STYLE = Automatic;
				CURRENT_PROJECT_VERSION = 1;
				GENERATE_INFOPLIST_FILE = YES;
				IPHONEOS_DEPLOYMENT_TARGET = 18.2;
				MARKETING_VERSION = 1.0;
				PRODUCT_BUNDLE_IDENTIFIER = "dalton.hinterscher.recipes-fetchTests";
				PRODUCT_NAME = "$(TARGET_NAME)";
				SWIFT_EMIT_LOC_STRINGS = NO;
				SWIFT_VERSION = 5.0;
				TARGETED_DEVICE_FAMILY = "1,2";
				TEST_HOST = "$(BUILT_PRODUCTS_DIR)/recipes-fetch.app/$(BUNDLE_EXECUTABLE_FOLDER_PATH)/recipes-fetch";
			};
			name = Debug;
		};
		5CB431812D5D428E00B650F1 /* Release */ = {
			isa = XCBuildConfiguration;
			buildSettings = {
				BUNDLE_LOADER = "$(TEST_HOST)";
				CODE_SIGN_STYLE = Automatic;
				CURRENT_PROJECT_VERSION = 1;
				GENERATE_INFOPLIST_FILE = YES;
				IPHONEOS_DEPLOYMENT_TARGET = 18.2;
				MARKETING_VERSION = 1.0;
				PRODUCT_BUNDLE_IDENTIFIER = "dalton.hinterscher.recipes-fetchTests";
				PRODUCT_NAME = "$(TARGET_NAME)";
				SWIFT_EMIT_LOC_STRINGS = NO;
				SWIFT_VERSION = 5.0;
				TARGETED_DEVICE_FAMILY = "1,2";
				TEST_HOST = "$(BUILT_PRODUCTS_DIR)/recipes-fetch.app/$(BUNDLE_EXECUTABLE_FOLDER_PATH)/recipes-fetch";
			};
			name = Release;
		};
		5CB431832D5D428E00B650F1 /* Debug */ = {
			isa = XCBuildConfiguration;
			buildSettings = {
				CODE_SIGN_STYLE = Automatic;
				CURRENT_PROJECT_VERSION = 1;
				GENERATE_INFOPLIST_FILE = YES;
				MARKETING_VERSION = 1.0;
				PRODUCT_BUNDLE_IDENTIFIER = "dalton.hinterscher.recipes-fetchUITests";
				PRODUCT_NAME = "$(TARGET_NAME)";
				SWIFT_EMIT_LOC_STRINGS = NO;
				SWIFT_VERSION = 5.0;
				TARGETED_DEVICE_FAMILY = "1,2";
				TEST_TARGET_NAME = "recipes-fetch";
			};
			name = Debug;
		};
		5CB431842D5D428E00B650F1 /* Release */ = {
			isa = XCBuildConfiguration;
			buildSettings = {
				CODE_SIGN_STYLE = Automatic;
				CURRENT_PROJECT_VERSION = 1;
				GENERATE_INFOPLIST_FILE = YES;
				MARKETING_VERSION = 1.0;
				PRODUCT_BUNDLE_IDENTIFIER = "dalton.hinterscher.recipes-fetchUITests";
				PRODUCT_NAME = "$(TARGET_NAME)";
				SWIFT_EMIT_LOC_STRINGS = NO;
				SWIFT_VERSION = 5.0;
				TARGETED_DEVICE_FAMILY = "1,2";
				TEST_TARGET_NAME = "recipes-fetch";
			};
			name = Release;
		};
		5CB45AB32D5D437B00B650F1 /* Debug */ = {
			isa = XCBuildConfiguration;
			buildSettings = {
				BUILD_LIBRARY_FOR_DISTRIBUTION = YES;
				CLANG_ENABLE_MODULES = YES;
				CODE_SIGN_STYLE = Automatic;
				CURRENT_PROJECT_VERSION = 1;
				DEFINES_MODULE = NO;
				DYLIB_COMPATIBILITY_VERSION = 1;
				DYLIB_CURRENT_VERSION = 1;
				DYLIB_INSTALL_NAME_BASE = "@rpath";
				ENABLE_MODULE_VERIFIER = YES;
				GENERATE_INFOPLIST_FILE = YES;
				INFOPLIST_KEY_NSHumanReadableCopyright = "";
				INSTALL_PATH = "$(LOCAL_LIBRARY_DIR)/Frameworks";
				LD_RUNPATH_SEARCH_PATHS = (
					"$(inherited)",
					"@executable_path/Frameworks",
					"@loader_path/Frameworks",
				);
				MARKETING_VERSION = 1.0;
				MODULE_VERIFIER_SUPPORTED_LANGUAGES = "objective-c objective-c++";
				MODULE_VERIFIER_SUPPORTED_LANGUAGE_STANDARDS = "gnu17 gnu++20";
				PRODUCT_BUNDLE_IDENTIFIER = dalton.hinterscher.DataLayer;
				PRODUCT_NAME = "$(TARGET_NAME:c99extidentifier)";
				SKIP_INSTALL = YES;
				SWIFT_EMIT_LOC_STRINGS = YES;
				SWIFT_INSTALL_OBJC_HEADER = NO;
				SWIFT_OPTIMIZATION_LEVEL = "-Onone";
				SWIFT_VERSION = 5.0;
				TARGETED_DEVICE_FAMILY = "1,2";
				VERSIONING_SYSTEM = "apple-generic";
				VERSION_INFO_PREFIX = "";
			};
			name = Debug;
		};
		5CB45AB42D5D437B00B650F1 /* Release */ = {
			isa = XCBuildConfiguration;
			buildSettings = {
				BUILD_LIBRARY_FOR_DISTRIBUTION = YES;
				CLANG_ENABLE_MODULES = YES;
				CODE_SIGN_STYLE = Automatic;
				CURRENT_PROJECT_VERSION = 1;
				DEFINES_MODULE = NO;
				DYLIB_COMPATIBILITY_VERSION = 1;
				DYLIB_CURRENT_VERSION = 1;
				DYLIB_INSTALL_NAME_BASE = "@rpath";
				ENABLE_MODULE_VERIFIER = YES;
				GENERATE_INFOPLIST_FILE = YES;
				INFOPLIST_KEY_NSHumanReadableCopyright = "";
				INSTALL_PATH = "$(LOCAL_LIBRARY_DIR)/Frameworks";
				LD_RUNPATH_SEARCH_PATHS = (
					"$(inherited)",
					"@executable_path/Frameworks",
					"@loader_path/Frameworks",
				);
				MARKETING_VERSION = 1.0;
				MODULE_VERIFIER_SUPPORTED_LANGUAGES = "objective-c objective-c++";
				MODULE_VERIFIER_SUPPORTED_LANGUAGE_STANDARDS = "gnu17 gnu++20";
				PRODUCT_BUNDLE_IDENTIFIER = dalton.hinterscher.DataLayer;
				PRODUCT_NAME = "$(TARGET_NAME:c99extidentifier)";
				SKIP_INSTALL = YES;
				SWIFT_EMIT_LOC_STRINGS = YES;
				SWIFT_INSTALL_OBJC_HEADER = NO;
				SWIFT_VERSION = 5.0;
				TARGETED_DEVICE_FAMILY = "1,2";
				VERSIONING_SYSTEM = "apple-generic";
				VERSION_INFO_PREFIX = "";
			};
			name = Release;
		};
		5CB45AB72D5D437B00B650F1 /* Debug */ = {
			isa = XCBuildConfiguration;
			buildSettings = {
				CODE_SIGN_STYLE = Automatic;
				CURRENT_PROJECT_VERSION = 1;
				GENERATE_INFOPLIST_FILE = YES;
				MARKETING_VERSION = 1.0;
				PRODUCT_BUNDLE_IDENTIFIER = dalton.hinterscher.DataLayerTests;
				PRODUCT_NAME = "$(TARGET_NAME)";
				SWIFT_EMIT_LOC_STRINGS = NO;
				SWIFT_VERSION = 5.0;
				TARGETED_DEVICE_FAMILY = "1,2";
				TEST_HOST = "$(BUILT_PRODUCTS_DIR)/recipes-fetch.app/$(BUNDLE_EXECUTABLE_FOLDER_PATH)/recipes-fetch";
			};
			name = Debug;
		};
		5CB45AB82D5D437B00B650F1 /* Release */ = {
			isa = XCBuildConfiguration;
			buildSettings = {
				CODE_SIGN_STYLE = Automatic;
				CURRENT_PROJECT_VERSION = 1;
				GENERATE_INFOPLIST_FILE = YES;
				MARKETING_VERSION = 1.0;
				PRODUCT_BUNDLE_IDENTIFIER = dalton.hinterscher.DataLayerTests;
				PRODUCT_NAME = "$(TARGET_NAME)";
				SWIFT_EMIT_LOC_STRINGS = NO;
				SWIFT_VERSION = 5.0;
				TARGETED_DEVICE_FAMILY = "1,2";
				TEST_HOST = "$(BUILT_PRODUCTS_DIR)/recipes-fetch.app/$(BUNDLE_EXECUTABLE_FOLDER_PATH)/recipes-fetch";
			};
			name = Release;
		};
		5CB45B512D5D4B5100B650F1 /* Debug */ = {
			isa = XCBuildConfiguration;
			buildSettings = {
				BUILD_LIBRARY_FOR_DISTRIBUTION = YES;
				CODE_SIGN_STYLE = Automatic;
				CURRENT_PROJECT_VERSION = 1;
				DEFINES_MODULE = NO;
				DYLIB_COMPATIBILITY_VERSION = 1;
				DYLIB_CURRENT_VERSION = 1;
				DYLIB_INSTALL_NAME_BASE = "@rpath";
				ENABLE_MODULE_VERIFIER = YES;
				GENERATE_INFOPLIST_FILE = YES;
				INFOPLIST_KEY_NSHumanReadableCopyright = "";
				INSTALL_PATH = "$(LOCAL_LIBRARY_DIR)/Frameworks";
				LD_RUNPATH_SEARCH_PATHS = (
					"$(inherited)",
					"@executable_path/Frameworks",
					"@loader_path/Frameworks",
				);
				MARKETING_VERSION = 1.0;
				MODULE_VERIFIER_SUPPORTED_LANGUAGES = "objective-c objective-c++";
				MODULE_VERIFIER_SUPPORTED_LANGUAGE_STANDARDS = "gnu17 gnu++20";
				PRODUCT_BUNDLE_IDENTIFIER = dalton.hinterscher.RecipesUI;
				PRODUCT_NAME = "$(TARGET_NAME:c99extidentifier)";
				SKIP_INSTALL = YES;
				SWIFT_EMIT_LOC_STRINGS = YES;
				SWIFT_INSTALL_OBJC_HEADER = NO;
				SWIFT_VERSION = 5.0;
				TARGETED_DEVICE_FAMILY = "1,2";
				VERSIONING_SYSTEM = "apple-generic";
				VERSION_INFO_PREFIX = "";
			};
			name = Debug;
		};
		5CB45B522D5D4B5100B650F1 /* Release */ = {
			isa = XCBuildConfiguration;
			buildSettings = {
				BUILD_LIBRARY_FOR_DISTRIBUTION = YES;
				CODE_SIGN_STYLE = Automatic;
				CURRENT_PROJECT_VERSION = 1;
				DEFINES_MODULE = NO;
				DYLIB_COMPATIBILITY_VERSION = 1;
				DYLIB_CURRENT_VERSION = 1;
				DYLIB_INSTALL_NAME_BASE = "@rpath";
				ENABLE_MODULE_VERIFIER = YES;
				GENERATE_INFOPLIST_FILE = YES;
				INFOPLIST_KEY_NSHumanReadableCopyright = "";
				INSTALL_PATH = "$(LOCAL_LIBRARY_DIR)/Frameworks";
				LD_RUNPATH_SEARCH_PATHS = (
					"$(inherited)",
					"@executable_path/Frameworks",
					"@loader_path/Frameworks",
				);
				MARKETING_VERSION = 1.0;
				MODULE_VERIFIER_SUPPORTED_LANGUAGES = "objective-c objective-c++";
				MODULE_VERIFIER_SUPPORTED_LANGUAGE_STANDARDS = "gnu17 gnu++20";
				PRODUCT_BUNDLE_IDENTIFIER = dalton.hinterscher.RecipesUI;
				PRODUCT_NAME = "$(TARGET_NAME:c99extidentifier)";
				SKIP_INSTALL = YES;
				SWIFT_EMIT_LOC_STRINGS = YES;
				SWIFT_INSTALL_OBJC_HEADER = NO;
				SWIFT_VERSION = 5.0;
				TARGETED_DEVICE_FAMILY = "1,2";
				VERSIONING_SYSTEM = "apple-generic";
				VERSION_INFO_PREFIX = "";
			};
			name = Release;
		};
		5CB45B552D5D4B5100B650F1 /* Debug */ = {
			isa = XCBuildConfiguration;
			buildSettings = {
				CODE_SIGN_STYLE = Automatic;
				CURRENT_PROJECT_VERSION = 1;
				GENERATE_INFOPLIST_FILE = YES;
				MARKETING_VERSION = 1.0;
				PRODUCT_BUNDLE_IDENTIFIER = dalton.hinterscher.RecipesUITests;
				PRODUCT_NAME = "$(TARGET_NAME)";
				SWIFT_EMIT_LOC_STRINGS = NO;
				SWIFT_VERSION = 5.0;
				TARGETED_DEVICE_FAMILY = "1,2";
				TEST_HOST = "$(BUILT_PRODUCTS_DIR)/recipes-fetch.app/$(BUNDLE_EXECUTABLE_FOLDER_PATH)/recipes-fetch";
			};
			name = Debug;
		};
		5CB45B562D5D4B5100B650F1 /* Release */ = {
			isa = XCBuildConfiguration;
			buildSettings = {
				CODE_SIGN_STYLE = Automatic;
				CURRENT_PROJECT_VERSION = 1;
				GENERATE_INFOPLIST_FILE = YES;
				MARKETING_VERSION = 1.0;
				PRODUCT_BUNDLE_IDENTIFIER = dalton.hinterscher.RecipesUITests;
				PRODUCT_NAME = "$(TARGET_NAME)";
				SWIFT_EMIT_LOC_STRINGS = NO;
				SWIFT_VERSION = 5.0;
				TARGETED_DEVICE_FAMILY = "1,2";
				TEST_HOST = "$(BUILT_PRODUCTS_DIR)/recipes-fetch.app/$(BUNDLE_EXECUTABLE_FOLDER_PATH)/recipes-fetch";
			};
			name = Release;
		};
		5CDADD7F2D5DC4EE00F64687 /* Debug */ = {
			isa = XCBuildConfiguration;
			buildSettings = {
				BUILD_LIBRARY_FOR_DISTRIBUTION = YES;
				CODE_SIGN_STYLE = Automatic;
				CURRENT_PROJECT_VERSION = 1;
				DEFINES_MODULE = NO;
				DYLIB_COMPATIBILITY_VERSION = 1;
				DYLIB_CURRENT_VERSION = 1;
				DYLIB_INSTALL_NAME_BASE = "@rpath";
				ENABLE_MODULE_VERIFIER = YES;
				GENERATE_INFOPLIST_FILE = YES;
				INFOPLIST_KEY_NSHumanReadableCopyright = "";
				INSTALL_PATH = "$(LOCAL_LIBRARY_DIR)/Frameworks";
				LD_RUNPATH_SEARCH_PATHS = (
					"$(inherited)",
					"@executable_path/Frameworks",
					"@loader_path/Frameworks",
				);
				MARKETING_VERSION = 1.0;
				MODULE_VERIFIER_SUPPORTED_LANGUAGES = "objective-c objective-c++";
				MODULE_VERIFIER_SUPPORTED_LANGUAGE_STANDARDS = "gnu17 gnu++20";
				PRODUCT_BUNDLE_IDENTIFIER = dalton.hinterscher.ImageLoader;
				PRODUCT_NAME = "$(TARGET_NAME:c99extidentifier)";
				SKIP_INSTALL = YES;
				SWIFT_EMIT_LOC_STRINGS = YES;
				SWIFT_INSTALL_OBJC_HEADER = NO;
				SWIFT_VERSION = 5.0;
				TARGETED_DEVICE_FAMILY = "1,2";
				VERSIONING_SYSTEM = "apple-generic";
				VERSION_INFO_PREFIX = "";
			};
			name = Debug;
		};
		5CDADD802D5DC4EE00F64687 /* Release */ = {
			isa = XCBuildConfiguration;
			buildSettings = {
				BUILD_LIBRARY_FOR_DISTRIBUTION = YES;
				CODE_SIGN_STYLE = Automatic;
				CURRENT_PROJECT_VERSION = 1;
				DEFINES_MODULE = NO;
				DYLIB_COMPATIBILITY_VERSION = 1;
				DYLIB_CURRENT_VERSION = 1;
				DYLIB_INSTALL_NAME_BASE = "@rpath";
				ENABLE_MODULE_VERIFIER = YES;
				GENERATE_INFOPLIST_FILE = YES;
				INFOPLIST_KEY_NSHumanReadableCopyright = "";
				INSTALL_PATH = "$(LOCAL_LIBRARY_DIR)/Frameworks";
				LD_RUNPATH_SEARCH_PATHS = (
					"$(inherited)",
					"@executable_path/Frameworks",
					"@loader_path/Frameworks",
				);
				MARKETING_VERSION = 1.0;
				MODULE_VERIFIER_SUPPORTED_LANGUAGES = "objective-c objective-c++";
				MODULE_VERIFIER_SUPPORTED_LANGUAGE_STANDARDS = "gnu17 gnu++20";
				PRODUCT_BUNDLE_IDENTIFIER = dalton.hinterscher.ImageLoader;
				PRODUCT_NAME = "$(TARGET_NAME:c99extidentifier)";
				SKIP_INSTALL = YES;
				SWIFT_EMIT_LOC_STRINGS = YES;
				SWIFT_INSTALL_OBJC_HEADER = NO;
				SWIFT_VERSION = 5.0;
				TARGETED_DEVICE_FAMILY = "1,2";
				VERSIONING_SYSTEM = "apple-generic";
				VERSION_INFO_PREFIX = "";
			};
			name = Release;
		};
		5CDADD832D5DC4EE00F64687 /* Debug */ = {
			isa = XCBuildConfiguration;
			buildSettings = {
				CODE_SIGN_STYLE = Automatic;
				CURRENT_PROJECT_VERSION = 1;
				GENERATE_INFOPLIST_FILE = YES;
				MARKETING_VERSION = 1.0;
				PRODUCT_BUNDLE_IDENTIFIER = dalton.hinterscher.ImageLoaderTests;
				PRODUCT_NAME = "$(TARGET_NAME)";
				SWIFT_EMIT_LOC_STRINGS = NO;
				SWIFT_VERSION = 5.0;
				TARGETED_DEVICE_FAMILY = "1,2";
				TEST_HOST = "$(BUILT_PRODUCTS_DIR)/recipes-fetch.app/$(BUNDLE_EXECUTABLE_FOLDER_PATH)/recipes-fetch";
			};
			name = Debug;
		};
		5CDADD842D5DC4EE00F64687 /* Release */ = {
			isa = XCBuildConfiguration;
			buildSettings = {
				CODE_SIGN_STYLE = Automatic;
				CURRENT_PROJECT_VERSION = 1;
				GENERATE_INFOPLIST_FILE = YES;
				MARKETING_VERSION = 1.0;
				PRODUCT_BUNDLE_IDENTIFIER = dalton.hinterscher.ImageLoaderTests;
				PRODUCT_NAME = "$(TARGET_NAME)";
				SWIFT_EMIT_LOC_STRINGS = NO;
				SWIFT_VERSION = 5.0;
				TARGETED_DEVICE_FAMILY = "1,2";
				TEST_HOST = "$(BUILT_PRODUCTS_DIR)/recipes-fetch.app/$(BUNDLE_EXECUTABLE_FOLDER_PATH)/recipes-fetch";
			};
			name = Release;
		};
/* End XCBuildConfiguration section */

/* Begin XCConfigurationList section */
		5C95C5CF2D5D59350015EE69 /* Build configuration list for PBXNativeTarget "DesignSystem" */ = {
			isa = XCConfigurationList;
			buildConfigurations = (
				5C95C5D02D5D59350015EE69 /* Debug */,
				5C95C5D12D5D59350015EE69 /* Release */,
			);
			defaultConfigurationIsVisible = 0;
			defaultConfigurationName = Release;
		};
		5CB431512D5D428D00B650F1 /* Build configuration list for PBXProject "recipes-fetch" */ = {
			isa = XCConfigurationList;
			buildConfigurations = (
				5CB4317A2D5D428E00B650F1 /* Debug */,
				5CB4317B2D5D428E00B650F1 /* Release */,
			);
			defaultConfigurationIsVisible = 0;
			defaultConfigurationName = Release;
		};
		5CB4317C2D5D428E00B650F1 /* Build configuration list for PBXNativeTarget "recipes-fetch" */ = {
			isa = XCConfigurationList;
			buildConfigurations = (
				5CB4317D2D5D428E00B650F1 /* Debug */,
				5CB4317E2D5D428E00B650F1 /* Release */,
			);
			defaultConfigurationIsVisible = 0;
			defaultConfigurationName = Release;
		};
		5CB4317F2D5D428E00B650F1 /* Build configuration list for PBXNativeTarget "recipes-fetchTests" */ = {
			isa = XCConfigurationList;
			buildConfigurations = (
				5CB431802D5D428E00B650F1 /* Debug */,
				5CB431812D5D428E00B650F1 /* Release */,
			);
			defaultConfigurationIsVisible = 0;
			defaultConfigurationName = Release;
		};
		5CB431822D5D428E00B650F1 /* Build configuration list for PBXNativeTarget "recipes-fetchUITests" */ = {
			isa = XCConfigurationList;
			buildConfigurations = (
				5CB431832D5D428E00B650F1 /* Debug */,
				5CB431842D5D428E00B650F1 /* Release */,
			);
			defaultConfigurationIsVisible = 0;
			defaultConfigurationName = Release;
		};
		5CB45AB22D5D437B00B650F1 /* Build configuration list for PBXNativeTarget "DataLayer" */ = {
			isa = XCConfigurationList;
			buildConfigurations = (
				5CB45AB32D5D437B00B650F1 /* Debug */,
				5CB45AB42D5D437B00B650F1 /* Release */,
			);
			defaultConfigurationIsVisible = 0;
			defaultConfigurationName = Release;
		};
		5CB45AB62D5D437B00B650F1 /* Build configuration list for PBXNativeTarget "DataLayerTests" */ = {
			isa = XCConfigurationList;
			buildConfigurations = (
				5CB45AB72D5D437B00B650F1 /* Debug */,
				5CB45AB82D5D437B00B650F1 /* Release */,
			);
			defaultConfigurationIsVisible = 0;
			defaultConfigurationName = Release;
		};
		5CB45B502D5D4B5100B650F1 /* Build configuration list for PBXNativeTarget "RecipesUI" */ = {
			isa = XCConfigurationList;
			buildConfigurations = (
				5CB45B512D5D4B5100B650F1 /* Debug */,
				5CB45B522D5D4B5100B650F1 /* Release */,
			);
			defaultConfigurationIsVisible = 0;
			defaultConfigurationName = Release;
		};
		5CB45B542D5D4B5100B650F1 /* Build configuration list for PBXNativeTarget "RecipesUITests" */ = {
			isa = XCConfigurationList;
			buildConfigurations = (
				5CB45B552D5D4B5100B650F1 /* Debug */,
				5CB45B562D5D4B5100B650F1 /* Release */,
			);
			defaultConfigurationIsVisible = 0;
			defaultConfigurationName = Release;
		};
		5CDADD7E2D5DC4EE00F64687 /* Build configuration list for PBXNativeTarget "ImageLoader" */ = {
			isa = XCConfigurationList;
			buildConfigurations = (
				5CDADD7F2D5DC4EE00F64687 /* Debug */,
				5CDADD802D5DC4EE00F64687 /* Release */,
			);
			defaultConfigurationIsVisible = 0;
			defaultConfigurationName = Release;
		};
		5CDADD822D5DC4EE00F64687 /* Build configuration list for PBXNativeTarget "ImageLoaderTests" */ = {
			isa = XCConfigurationList;
			buildConfigurations = (
				5CDADD832D5DC4EE00F64687 /* Debug */,
				5CDADD842D5DC4EE00F64687 /* Release */,
			);
			defaultConfigurationIsVisible = 0;
			defaultConfigurationName = Release;
		};
/* End XCConfigurationList section */
	};
	rootObject = 5CB4314E2D5D428D00B650F1 /* Project object */;
}
