// !$*UTF8*$!
{
	archiveVersion = 1;
	classes = {
	};
	objectVersion = 77;
	objects = {

/* Begin PBXContainerItemProxy section */
		5CB431692D5D428E00B650F1 /* PBXContainerItemProxy */ = {
			isa = PBXContainerItemProxy;
			containerPortal = 5CB4314E2D5D428D00B650F1 /* Project object */;
			proxyType = 1;
			remoteGlobalIDString = 5CB431552D5D428D00B650F1;
			remoteInfo = "recipes-fetch";
		};
		5CB431732D5D428E00B650F1 /* PBXContainerItemProxy */ = {
			isa = PBXContainerItemProxy;
			containerPortal = 5CB4314E2D5D428D00B650F1 /* Project object */;
			proxyType = 1;
			remoteGlobalIDString = 5CB431552D5D428D00B650F1;
			remoteInfo = "recipes-fetch";
		};
/* End PBXContainerItemProxy section */

/* Begin PBXFileReference section */
		5CB431562D5D428D00B650F1 /* recipes-fetch.app */ = {isa = PBXFileReference; explicitFileType = wrapper.application; includeInIndex = 0; path = "recipes-fetch.app"; sourceTree = BUILT_PRODUCTS_DIR; };
		5CB431682D5D428E00B650F1 /* recipes-fetchTests.xctest */ = {isa = PBXFileReference; explicitFileType = wrapper.cfbundle; includeInIndex = 0; path = "recipes-fetchTests.xctest"; sourceTree = BUILT_PRODUCTS_DIR; };
		5CB431722D5D428E00B650F1 /* recipes-fetchUITests.xctest */ = {isa = PBXFileReference; explicitFileType = wrapper.cfbundle; includeInIndex = 0; path = "recipes-fetchUITests.xctest"; sourceTree = BUILT_PRODUCTS_DIR; };
/* End PBXFileReference section */

/* Begin PBXFileSystemSynchronizedRootGroup section */
		5CB431582D5D428D00B650F1 /* recipes-fetch */ = {
			isa = PBXFileSystemSynchronizedRootGroup;
			path = "recipes-fetch";
			sourceTree = "<group>";
		};
		5CB4316B2D5D428E00B650F1 /* recipes-fetchTests */ = {
			isa = PBXFileSystemSynchronizedRootGroup;
			path = "recipes-fetchTests";
			sourceTree = "<group>";
		};
		5CB431752D5D428E00B650F1 /* recipes-fetchUITests */ = {
			isa = PBXFileSystemSynchronizedRootGroup;
			path = "recipes-fetchUITests";
			sourceTree = "<group>";
		};
/* End PBXFileSystemSynchronizedRootGroup section */

/* Begin PBXFrameworksBuildPhase section */
		5CB431532D5D428D00B650F1 /* Frameworks */ = {
			isa = PBXFrameworksBuildPhase;
			buildActionMask = 2147483647;
			files = (
			);
			runOnlyForDeploymentPostprocessing = 0;
		};
		5CB431652D5D428E00B650F1 /* Frameworks */ = {
			isa = PBXFrameworksBuildPhase;
			buildActionMask = 2147483647;
			files = (
			);
			runOnlyForDeploymentPostprocessing = 0;
		};
		5CB4316F2D5D428E00B650F1 /* Frameworks */ = {
			isa = PBXFrameworksBuildPhase;
			buildActionMask = 2147483647;
			files = (
			);
			runOnlyForDeploymentPostprocessing = 0;
		};
/* End PBXFrameworksBuildPhase section */

/* Begin PBXGroup section */
		5CB4314D2D5D428D00B650F1 = {
			isa = PBXGroup;
			children = (
				5CB431582D5D428D00B650F1 /* recipes-fetch */,
				5CB4316B2D5D428E00B650F1 /* recipes-fetchTests */,
				5CB431752D5D428E00B650F1 /* recipes-fetchUITests */,
				5CB431572D5D428D00B650F1 /* Products */,
			);
			sourceTree = "<group>";
		};
		5CB431572D5D428D00B650F1 /* Products */ = {
			isa = PBXGroup;
			children = (
				5CB431562D5D428D00B650F1 /* recipes-fetch.app */,
				5CB431682D5D428E00B650F1 /* recipes-fetchTests.xctest */,
				5CB431722D5D428E00B650F1 /* recipes-fetchUITests.xctest */,
			);
			name = Products;
			sourceTree = "<group>";
		};
/* End PBXGroup section */

/* Begin PBXNativeTarget section */
		5CB431552D5D428D00B650F1 /* recipes-fetch */ = {
			isa = PBXNativeTarget;
			buildConfigurationList = 5CB4317C2D5D428E00B650F1 /* Build configuration list for PBXNativeTarget "recipes-fetch" */;
			buildPhases = (
				5CB431522D5D428D00B650F1 /* Sources */,
				5CB431532D5D428D00B650F1 /* Frameworks */,
				5CB431542D5D428D00B650F1 /* Resources */,
			);
			buildRules = (
			);
			dependencies = (
			);
			fileSystemSynchronizedGroups = (
				5CB431582D5D428D00B650F1 /* recipes-fetch */,
			);
			name = "recipes-fetch";
			packageProductDependencies = (
			);
			productName = "recipes-fetch";
			productReference = 5CB431562D5D428D00B650F1 /* recipes-fetch.app */;
			productType = "com.apple.product-type.application";
		};
		5CB431672D5D428E00B650F1 /* recipes-fetchTests */ = {
			isa = PBXNativeTarget;
			buildConfigurationList = 5CB4317F2D5D428E00B650F1 /* Build configuration list for PBXNativeTarget "recipes-fetchTests" */;
			buildPhases = (
				5CB431642D5D428E00B650F1 /* Sources */,
				5CB431652D5D428E00B650F1 /* Frameworks */,
				5CB431662D5D428E00B650F1 /* Resources */,
			);
			buildRules = (
			);
			dependencies = (
				5CB4316A2D5D428E00B650F1 /* PBXTargetDependency */,
			);
			fileSystemSynchronizedGroups = (
				5CB4316B2D5D428E00B650F1 /* recipes-fetchTests */,
			);
			name = "recipes-fetchTests";
			packageProductDependencies = (
			);
			productName = "recipes-fetchTests";
			productReference = 5CB431682D5D428E00B650F1 /* recipes-fetchTests.xctest */;
			productType = "com.apple.product-type.bundle.unit-test";
		};
		5CB431712D5D428E00B650F1 /* recipes-fetchUITests */ = {
			isa = PBXNativeTarget;
			buildConfigurationList = 5CB431822D5D428E00B650F1 /* Build configuration list for PBXNativeTarget "recipes-fetchUITests" */;
			buildPhases = (
				5CB4316E2D5D428E00B650F1 /* Sources */,
				5CB4316F2D5D428E00B650F1 /* Frameworks */,
				5CB431702D5D428E00B650F1 /* Resources */,
			);
			buildRules = (
			);
			dependencies = (
				5CB431742D5D428E00B650F1 /* PBXTargetDependency */,
			);
			fileSystemSynchronizedGroups = (
				5CB431752D5D428E00B650F1 /* recipes-fetchUITests */,
			);
			name = "recipes-fetchUITests";
			packageProductDependencies = (
			);
			productName = "recipes-fetchUITests";
			productReference = 5CB431722D5D428E00B650F1 /* recipes-fetchUITests.xctest */;
			productType = "com.apple.product-type.bundle.ui-testing";
		};
/* End PBXNativeTarget section */

/* Begin PBXProject section */
		5CB4314E2D5D428D00B650F1 /* Project object */ = {
			isa = PBXProject;
			attributes = {
				BuildIndependentTargetsInParallel = 1;
				LastSwiftUpdateCheck = 1620;
				LastUpgradeCheck = 1620;
				TargetAttributes = {
					5CB431552D5D428D00B650F1 = {
						CreatedOnToolsVersion = 16.2;
					};
					5CB431672D5D428E00B650F1 = {
						CreatedOnToolsVersion = 16.2;
						TestTargetID = 5CB431552D5D428D00B650F1;
					};
					5CB431712D5D428E00B650F1 = {
						CreatedOnToolsVersion = 16.2;
						TestTargetID = 5CB431552D5D428D00B650F1;
					};
				};
			};
			buildConfigurationList = 5CB431512D5D428D00B650F1 /* Build configuration list for PBXProject "recipes-fetch" */;
			developmentRegion = en;
			hasScannedForEncodings = 0;
			knownRegions = (
				en,
				Base,
			);
			mainGroup = 5CB4314D2D5D428D00B650F1;
			minimizedProjectReferenceProxies = 1;
			preferredProjectObjectVersion = 77;
			productRefGroup = 5CB431572D5D428D00B650F1 /* Products */;
			projectDirPath = "";
			projectRoot = "";
			targets = (
				5CB431552D5D428D00B650F1 /* recipes-fetch */,
				5CB431672D5D428E00B650F1 /* recipes-fetchTests */,
				5CB431712D5D428E00B650F1 /* recipes-fetchUITests */,
			);
		};
/* End PBXProject section */

/* Begin PBXResourcesBuildPhase section */
		5CB431542D5D428D00B650F1 /* Resources */ = {
			isa = PBXResourcesBuildPhase;
			buildActionMask = 2147483647;
			files = (
			);
			runOnlyForDeploymentPostprocessing = 0;
		};
		5CB431662D5D428E00B650F1 /* Resources */ = {
			isa = PBXResourcesBuildPhase;
			buildActionMask = 2147483647;
			files = (
			);
			runOnlyForDeploymentPostprocessing = 0;
		};
		5CB431702D5D428E00B650F1 /* Resources */ = {
			isa = PBXResourcesBuildPhase;
			buildActionMask = 2147483647;
			files = (
			);
			runOnlyForDeploymentPostprocessing = 0;
		};
/* End PBXResourcesBuildPhase section */

/* Begin PBXSourcesBuildPhase section */
		5CB431522D5D428D00B650F1 /* Sources */ = {
			isa = PBXSourcesBuildPhase;
			buildActionMask = 2147483647;
			files = (
			);
			runOnlyForDeploymentPostprocessing = 0;
		};
		5CB431642D5D428E00B650F1 /* Sources */ = {
			isa = PBXSourcesBuildPhase;
			buildActionMask = 2147483647;
			files = (
			);
			runOnlyForDeploymentPostprocessing = 0;
		};
		5CB4316E2D5D428E00B650F1 /* Sources */ = {
			isa = PBXSourcesBuildPhase;
			buildActionMask = 2147483647;
			files = (
			);
			runOnlyForDeploymentPostprocessing = 0;
		};
/* End PBXSourcesBuildPhase section */

/* Begin PBXTargetDependency section */
		5CB4316A2D5D428E00B650F1 /* PBXTargetDependency */ = {
			isa = PBXTargetDependency;
			target = 5CB431552D5D428D00B650F1 /* recipes-fetch */;
			targetProxy = 5CB431692D5D428E00B650F1 /* PBXContainerItemProxy */;
		};
		5CB431742D5D428E00B650F1 /* PBXTargetDependency */ = {
			isa = PBXTargetDependency;
			target = 5CB431552D5D428D00B650F1 /* recipes-fetch */;
			targetProxy = 5CB431732D5D428E00B650F1 /* PBXContainerItemProxy */;
		};
/* End PBXTargetDependency section */

/* Begin XCBuildConfiguration section */
		5CB4317A2D5D428E00B650F1 /* Debug */ = {
			isa = XCBuildConfiguration;
			buildSettings = {
				ALWAYS_SEARCH_USER_PATHS = NO;
				ASSETCATALOG_COMPILER_GENERATE_SWIFT_ASSET_SYMBOL_EXTENSIONS = YES;
				CLANG_ANALYZER_NONNULL = YES;
				CLANG_ANALYZER_NUMBER_OBJECT_CONVERSION = YES_AGGRESSIVE;
				CLANG_CXX_LANGUAGE_STANDARD = "gnu++20";
				CLANG_ENABLE_MODULES = YES;
				CLANG_ENABLE_OBJC_ARC = YES;
				CLANG_ENABLE_OBJC_WEAK = YES;
				CLANG_WARN_BLOCK_CAPTURE_AUTORELEASING = YES;
				CLANG_WARN_BOOL_CONVERSION = YES;
				CLANG_WARN_COMMA = YES;
				CLANG_WARN_CONSTANT_CONVERSION = YES;
				CLANG_WARN_DEPRECATED_OBJC_IMPLEMENTATIONS = YES;
				CLANG_WARN_DIRECT_OBJC_ISA_USAGE = YES_ERROR;
				CLANG_WARN_DOCUMENTATION_COMMENTS = YES;
				CLANG_WARN_EMPTY_BODY = YES;
				CLANG_WARN_ENUM_CONVERSION = YES;
				CLANG_WARN_INFINITE_RECURSION = YES;
				CLANG_WARN_INT_CONVERSION = YES;
				CLANG_WARN_NON_LITERAL_NULL_CONVERSION = YES;
				CLANG_WARN_OBJC_IMPLICIT_RETAIN_SELF = YES;
				CLANG_WARN_OBJC_LITERAL_CONVERSION = YES;
				CLANG_WARN_OBJC_ROOT_CLASS = YES_ERROR;
				CLANG_WARN_QUOTED_INCLUDE_IN_FRAMEWORK_HEADER = YES;
				CLANG_WARN_RANGE_LOOP_ANALYSIS = YES;
				CLANG_WARN_STRICT_PROTOTYPES = YES;
				CLANG_WARN_SUSPICIOUS_MOVE = YES;
				CLANG_WARN_UNGUARDED_AVAILABILITY = YES_AGGRESSIVE;
				CLANG_WARN_UNREACHABLE_CODE = YES;
				CLANG_WARN__DUPLICATE_METHOD_MATCH = YES;
				COPY_PHASE_STRIP = NO;
				DEBUG_INFORMATION_FORMAT = dwarf;
				ENABLE_STRICT_OBJC_MSGSEND = YES;
				ENABLE_TESTABILITY = YES;
				ENABLE_USER_SCRIPT_SANDBOXING = YES;
				GCC_C_LANGUAGE_STANDARD = gnu17;
				GCC_DYNAMIC_NO_PIC = NO;
				GCC_NO_COMMON_BLOCKS = YES;
				GCC_OPTIMIZATION_LEVEL = 0;
				GCC_PREPROCESSOR_DEFINITIONS = (
					"DEBUG=1",
					"$(inherited)",
				);
				GCC_WARN_64_TO_32_BIT_CONVERSION = YES;
				GCC_WARN_ABOUT_RETURN_TYPE = YES_ERROR;
				GCC_WARN_UNDECLARED_SELECTOR = YES;
				GCC_WARN_UNINITIALIZED_AUTOS = YES_AGGRESSIVE;
				GCC_WARN_UNUSED_FUNCTION = YES;
				GCC_WARN_UNUSED_VARIABLE = YES;
				IPHONEOS_DEPLOYMENT_TARGET = 18.2;
				LOCALIZATION_PREFERS_STRING_CATALOGS = YES;
				MTL_ENABLE_DEBUG_INFO = INCLUDE_SOURCE;
				MTL_FAST_MATH = YES;
				ONLY_ACTIVE_ARCH = YES;
				SDKROOT = iphoneos;
				SWIFT_ACTIVE_COMPILATION_CONDITIONS = "DEBUG $(inherited)";
				SWIFT_OPTIMIZATION_LEVEL = "-Onone";
			};
			name = Debug;
		};
		5CB4317B2D5D428E00B650F1 /* Release */ = {
			isa = XCBuildConfiguration;
			buildSettings = {
				ALWAYS_SEARCH_USER_PATHS = NO;
				ASSETCATALOG_COMPILER_GENERATE_SWIFT_ASSET_SYMBOL_EXTENSIONS = YES;
				CLANG_ANALYZER_NONNULL = YES;
				CLANG_ANALYZER_NUMBER_OBJECT_CONVERSION = YES_AGGRESSIVE;
				CLANG_CXX_LANGUAGE_STANDARD = "gnu++20";
				CLANG_ENABLE_MODULES = YES;
				CLANG_ENABLE_OBJC_ARC = YES;
				CLANG_ENABLE_OBJC_WEAK = YES;
				CLANG_WARN_BLOCK_CAPTURE_AUTORELEASING = YES;
				CLANG_WARN_BOOL_CONVERSION = YES;
				CLANG_WARN_COMMA = YES;
				CLANG_WARN_CONSTANT_CONVERSION = YES;
				CLANG_WARN_DEPRECATED_OBJC_IMPLEMENTATIONS = YES;
				CLANG_WARN_DIRECT_OBJC_ISA_USAGE = YES_ERROR;
				CLANG_WARN_DOCUMENTATION_COMMENTS = YES;
				CLANG_WARN_EMPTY_BODY = YES;
				CLANG_WARN_ENUM_CONVERSION = YES;
				CLANG_WARN_INFINITE_RECURSION = YES;
				CLANG_WARN_INT_CONVERSION = YES;
				CLANG_WARN_NON_LITERAL_NULL_CONVERSION = YES;
				CLANG_WARN_OBJC_IMPLICIT_RETAIN_SELF = YES;
				CLANG_WARN_OBJC_LITERAL_CONVERSION = YES;
				CLANG_WARN_OBJC_ROOT_CLASS = YES_ERROR;
				CLANG_WARN_QUOTED_INCLUDE_IN_FRAMEWORK_HEADER = YES;
				CLANG_WARN_RANGE_LOOP_ANALYSIS = YES;
				CLANG_WARN_STRICT_PROTOTYPES = YES;
				CLANG_WARN_SUSPICIOUS_MOVE = YES;
				CLANG_WARN_UNGUARDED_AVAILABILITY = YES_AGGRESSIVE;
				CLANG_WARN_UNREACHABLE_CODE = YES;
				CLANG_WARN__DUPLICATE_METHOD_MATCH = YES;
				COPY_PHASE_STRIP = NO;
				DEBUG_INFORMATION_FORMAT = "dwarf-with-dsym";
				ENABLE_NS_ASSERTIONS = NO;
				ENABLE_STRICT_OBJC_MSGSEND = YES;
				ENABLE_USER_SCRIPT_SANDBOXING = YES;
				GCC_C_LANGUAGE_STANDARD = gnu17;
				GCC_NO_COMMON_BLOCKS = YES;
				GCC_WARN_64_TO_32_BIT_CONVERSION = YES;
				GCC_WARN_ABOUT_RETURN_TYPE = YES_ERROR;
				GCC_WARN_UNDECLARED_SELECTOR = YES;
				GCC_WARN_UNINITIALIZED_AUTOS = YES_AGGRESSIVE;
				GCC_WARN_UNUSED_FUNCTION = YES;
				GCC_WARN_UNUSED_VARIABLE = YES;
				IPHONEOS_DEPLOYMENT_TARGET = 18.2;
				LOCALIZATION_PREFERS_STRING_CATALOGS = YES;
				MTL_ENABLE_DEBUG_INFO = NO;
				MTL_FAST_MATH = YES;
				SDKROOT = iphoneos;
				SWIFT_COMPILATION_MODE = wholemodule;
				VALIDATE_PRODUCT = YES;
			};
			name = Release;
		};
		5CB4317D2D5D428E00B650F1 /* Debug */ = {
			isa = XCBuildConfiguration;
			buildSettings = {
				ASSETCATALOG_COMPILER_APPICON_NAME = AppIcon;
				ASSETCATALOG_COMPILER_GLOBAL_ACCENT_COLOR_NAME = AccentColor;
				CODE_SIGN_STYLE = Automatic;
				CURRENT_PROJECT_VERSION = 1;
				DEVELOPMENT_ASSET_PATHS = "\"recipes-fetch/Preview Content\"";
				ENABLE_PREVIEWS = YES;
				GENERATE_INFOPLIST_FILE = YES;
				INFOPLIST_KEY_UIApplicationSceneManifest_Generation = YES;
				INFOPLIST_KEY_UIApplicationSupportsIndirectInputEvents = YES;
				INFOPLIST_KEY_UILaunchScreen_Generation = YES;
				INFOPLIST_KEY_UISupportedInterfaceOrientations_iPad = "UIInterfaceOrientationPortrait UIInterfaceOrientationPortraitUpsideDown UIInterfaceOrientationLandscapeLeft UIInterfaceOrientationLandscapeRight";
				INFOPLIST_KEY_UISupportedInterfaceOrientations_iPhone = "UIInterfaceOrientationPortrait UIInterfaceOrientationLandscapeLeft UIInterfaceOrientationLandscapeRight";
				LD_RUNPATH_SEARCH_PATHS = (
					"$(inherited)",
					"@executable_path/Frameworks",
				);
				MARKETING_VERSION = 1.0;
				PRODUCT_BUNDLE_IDENTIFIER = "dalton.hinterscher.recipes-fetch";
				PRODUCT_NAME = "$(TARGET_NAME)";
				SWIFT_EMIT_LOC_STRINGS = YES;
				SWIFT_VERSION = 5.0;
				TARGETED_DEVICE_FAMILY = "1,2";
			};
			name = Debug;
		};
		5CB4317E2D5D428E00B650F1 /* Release */ = {
			isa = XCBuildConfiguration;
			buildSettings = {
				ASSETCATALOG_COMPILER_APPICON_NAME = AppIcon;
				ASSETCATALOG_COMPILER_GLOBAL_ACCENT_COLOR_NAME = AccentColor;
				CODE_SIGN_STYLE = Automatic;
				CURRENT_PROJECT_VERSION = 1;
				DEVELOPMENT_ASSET_PATHS = "\"recipes-fetch/Preview Content\"";
				ENABLE_PREVIEWS = YES;
				GENERATE_INFOPLIST_FILE = YES;
				INFOPLIST_KEY_UIApplicationSceneManifest_Generation = YES;
				INFOPLIST_KEY_UIApplicationSupportsIndirectInputEvents = YES;
				INFOPLIST_KEY_UILaunchScreen_Generation = YES;
				INFOPLIST_KEY_UISupportedInterfaceOrientations_iPad = "UIInterfaceOrientationPortrait UIInterfaceOrientationPortraitUpsideDown UIInterfaceOrientationLandscapeLeft UIInterfaceOrientationLandscapeRight";
				INFOPLIST_KEY_UISupportedInterfaceOrientations_iPhone = "UIInterfaceOrientationPortrait UIInterfaceOrientationLandscapeLeft UIInterfaceOrientationLandscapeRight";
				LD_RUNPATH_SEARCH_PATHS = (
					"$(inherited)",
					"@executable_path/Frameworks",
				);
				MARKETING_VERSION = 1.0;
				PRODUCT_BUNDLE_IDENTIFIER = "dalton.hinterscher.recipes-fetch";
				PRODUCT_NAME = "$(TARGET_NAME)";
				SWIFT_EMIT_LOC_STRINGS = YES;
				SWIFT_VERSION = 5.0;
				TARGETED_DEVICE_FAMILY = "1,2";
			};
			name = Release;
		};
		5CB431802D5D428E00B650F1 /* Debug */ = {
			isa = XCBuildConfiguration;
			buildSettings = {
				BUNDLE_LOADER = "$(TEST_HOST)";
				CODE_SIGN_STYLE = Automatic;
				CURRENT_PROJECT_VERSION = 1;
				GENERATE_INFOPLIST_FILE = YES;
				IPHONEOS_DEPLOYMENT_TARGET = 18.2;
				MARKETING_VERSION = 1.0;
				PRODUCT_BUNDLE_IDENTIFIER = "dalton.hinterscher.recipes-fetchTests";
				PRODUCT_NAME = "$(TARGET_NAME)";
				SWIFT_EMIT_LOC_STRINGS = NO;
				SWIFT_VERSION = 5.0;
				TARGETED_DEVICE_FAMILY = "1,2";
				TEST_HOST = "$(BUILT_PRODUCTS_DIR)/recipes-fetch.app/$(BUNDLE_EXECUTABLE_FOLDER_PATH)/recipes-fetch";
			};
			name = Debug;
		};
		5CB431812D5D428E00B650F1 /* Release */ = {
			isa = XCBuildConfiguration;
			buildSettings = {
				BUNDLE_LOADER = "$(TEST_HOST)";
				CODE_SIGN_STYLE = Automatic;
				CURRENT_PROJECT_VERSION = 1;
				GENERATE_INFOPLIST_FILE = YES;
				IPHONEOS_DEPLOYMENT_TARGET = 18.2;
				MARKETING_VERSION = 1.0;
				PRODUCT_BUNDLE_IDENTIFIER = "dalton.hinterscher.recipes-fetchTests";
				PRODUCT_NAME = "$(TARGET_NAME)";
				SWIFT_EMIT_LOC_STRINGS = NO;
				SWIFT_VERSION = 5.0;
				TARGETED_DEVICE_FAMILY = "1,2";
				TEST_HOST = "$(BUILT_PRODUCTS_DIR)/recipes-fetch.app/$(BUNDLE_EXECUTABLE_FOLDER_PATH)/recipes-fetch";
			};
			name = Release;
		};
		5CB431832D5D428E00B650F1 /* Debug */ = {
			isa = XCBuildConfiguration;
			buildSettings = {
				CODE_SIGN_STYLE = Automatic;
				CURRENT_PROJECT_VERSION = 1;
				GENERATE_INFOPLIST_FILE = YES;
				MARKETING_VERSION = 1.0;
				PRODUCT_BUNDLE_IDENTIFIER = "dalton.hinterscher.recipes-fetchUITests";
				PRODUCT_NAME = "$(TARGET_NAME)";
				SWIFT_EMIT_LOC_STRINGS = NO;
				SWIFT_VERSION = 5.0;
				TARGETED_DEVICE_FAMILY = "1,2";
				TEST_TARGET_NAME = "recipes-fetch";
			};
			name = Debug;
		};
		5CB431842D5D428E00B650F1 /* Release */ = {
			isa = XCBuildConfiguration;
			buildSettings = {
				CODE_SIGN_STYLE = Automatic;
				CURRENT_PROJECT_VERSION = 1;
				GENERATE_INFOPLIST_FILE = YES;
				MARKETING_VERSION = 1.0;
				PRODUCT_BUNDLE_IDENTIFIER = "dalton.hinterscher.recipes-fetchUITests";
				PRODUCT_NAME = "$(TARGET_NAME)";
				SWIFT_EMIT_LOC_STRINGS = NO;
				SWIFT_VERSION = 5.0;
				TARGETED_DEVICE_FAMILY = "1,2";
				TEST_TARGET_NAME = "recipes-fetch";
			};
			name = Release;
		};
/* End XCBuildConfiguration section */

/* Begin XCConfigurationList section */
		5CB431512D5D428D00B650F1 /* Build configuration list for PBXProject "recipes-fetch" */ = {
			isa = XCConfigurationList;
			buildConfigurations = (
				5CB4317A2D5D428E00B650F1 /* Debug */,
				5CB4317B2D5D428E00B650F1 /* Release */,
			);
			defaultConfigurationIsVisible = 0;
			defaultConfigurationName = Release;
		};
		5CB4317C2D5D428E00B650F1 /* Build configuration list for PBXNativeTarget "recipes-fetch" */ = {
			isa = XCConfigurationList;
			buildConfigurations = (
				5CB4317D2D5D428E00B650F1 /* Debug */,
				5CB4317E2D5D428E00B650F1 /* Release */,
			);
			defaultConfigurationIsVisible = 0;
			defaultConfigurationName = Release;
		};
		5CB4317F2D5D428E00B650F1 /* Build configuration list for PBXNativeTarget "recipes-fetchTests" */ = {
			isa = XCConfigurationList;
			buildConfigurations = (
				5CB431802D5D428E00B650F1 /* Debug */,
				5CB431812D5D428E00B650F1 /* Release */,
			);
			defaultConfigurationIsVisible = 0;
			defaultConfigurationName = Release;
		};
		5CB431822D5D428E00B650F1 /* Build configuration list for PBXNativeTarget "recipes-fetchUITests" */ = {
			isa = XCConfigurationList;
			buildConfigurations = (
				5CB431832D5D428E00B650F1 /* Debug */,
				5CB431842D5D428E00B650F1 /* Release */,
			);
			defaultConfigurationIsVisible = 0;
			defaultConfigurationName = Release;
		};
/* End XCConfigurationList section */
	};
	rootObject = 5CB4314E2D5D428D00B650F1 /* Project object */;
}
